// !$*UTF8*$!
{
	archiveVersion = 1;
	classes = {
	};
	objectVersion = 56;
	objects = {

/* Begin PBXBuildFile section */
		0C7D77D72ACF368C00A4F634 /* AppDelegate.swift in Sources */ = {isa = PBXBuildFile; fileRef = 0C7D77D62ACF368C00A4F634 /* AppDelegate.swift */; };
		0C7D77D92ACF368C00A4F634 /* SceneDelegate.swift in Sources */ = {isa = PBXBuildFile; fileRef = 0C7D77D82ACF368C00A4F634 /* SceneDelegate.swift */; };
		0C7D77DB2ACF368C00A4F634 /* ViewController.swift in Sources */ = {isa = PBXBuildFile; fileRef = 0C7D77DA2ACF368C00A4F634 /* ViewController.swift */; };
		0C7D77DE2ACF368C00A4F634 /* Main.storyboard in Resources */ = {isa = PBXBuildFile; fileRef = 0C7D77DC2ACF368C00A4F634 /* Main.storyboard */; };
		0C7D77E02ACF368E00A4F634 /* Assets.xcassets in Resources */ = {isa = PBXBuildFile; fileRef = 0C7D77DF2ACF368E00A4F634 /* Assets.xcassets */; };
		0C7D77E32ACF368E00A4F634 /* LaunchScreen.storyboard in Resources */ = {isa = PBXBuildFile; fileRef = 0C7D77E12ACF368E00A4F634 /* LaunchScreen.storyboard */; };
		0C7D77EE2ACF368E00A4F634 /* lokasyonkullanimiTests.swift in Sources */ = {isa = PBXBuildFile; fileRef = 0C7D77ED2ACF368E00A4F634 /* lokasyonkullanimiTests.swift */; };
		0C7D77F82ACF368E00A4F634 /* lokasyonkullanimiUITests.swift in Sources */ = {isa = PBXBuildFile; fileRef = 0C7D77F72ACF368E00A4F634 /* lokasyonkullanimiUITests.swift */; };
		0C7D77FA2ACF368E00A4F634 /* lokasyonkullanimiUITestsLaunchTests.swift in Sources */ = {isa = PBXBuildFile; fileRef = 0C7D77F92ACF368E00A4F634 /* lokasyonkullanimiUITestsLaunchTests.swift */; };
		0C7D78082ACF372600A4F634 /* CoreLocation.framework in Frameworks */ = {isa = PBXBuildFile; fileRef = 0C7D78072ACF372600A4F634 /* CoreLocation.framework */; };
		0C7D780A2ACF3A9000A4F634 /* MapKit.framework in Frameworks */ = {isa = PBXBuildFile; fileRef = 0C7D78092ACF3A9000A4F634 /* MapKit.framework */; };
/* End PBXBuildFile section */

/* Begin PBXContainerItemProxy section */
		0C7D77EA2ACF368E00A4F634 /* PBXContainerItemProxy */ = {
			isa = PBXContainerItemProxy;
			containerPortal = 0C7D77CB2ACF368C00A4F634 /* Project object */;
			proxyType = 1;
			remoteGlobalIDString = 0C7D77D22ACF368C00A4F634;
			remoteInfo = lokasyonkullanimi;
		};
		0C7D77F42ACF368E00A4F634 /* PBXContainerItemProxy */ = {
			isa = PBXContainerItemProxy;
			containerPortal = 0C7D77CB2ACF368C00A4F634 /* Project object */;
			proxyType = 1;
			remoteGlobalIDString = 0C7D77D22ACF368C00A4F634;
			remoteInfo = lokasyonkullanimi;
		};
/* End PBXContainerItemProxy section */

/* Begin PBXFileReference section */
		0C7D77D32ACF368C00A4F634 /* lokasyonkullanimi.app */ = {isa = PBXFileReference; explicitFileType = wrapper.application; includeInIndex = 0; path = lokasyonkullanimi.app; sourceTree = BUILT_PRODUCTS_DIR; };
		0C7D77D62ACF368C00A4F634 /* AppDelegate.swift */ = {isa = PBXFileReference; lastKnownFileType = sourcecode.swift; path = AppDelegate.swift; sourceTree = "<group>"; };
		0C7D77D82ACF368C00A4F634 /* SceneDelegate.swift */ = {isa = PBXFileReference; lastKnownFileType = sourcecode.swift; path = SceneDelegate.swift; sourceTree = "<group>"; };
		0C7D77DA2ACF368C00A4F634 /* ViewController.swift */ = {isa = PBXFileReference; lastKnownFileType = sourcecode.swift; path = ViewController.swift; sourceTree = "<group>"; };
		0C7D77DD2ACF368C00A4F634 /* Base */ = {isa = PBXFileReference; lastKnownFileType = file.storyboard; name = Base; path = Base.lproj/Main.storyboard; sourceTree = "<group>"; };
		0C7D77DF2ACF368E00A4F634 /* Assets.xcassets */ = {isa = PBXFileReference; lastKnownFileType = folder.assetcatalog; path = Assets.xcassets; sourceTree = "<group>"; };
		0C7D77E22ACF368E00A4F634 /* Base */ = {isa = PBXFileReference; lastKnownFileType = file.storyboard; name = Base; path = Base.lproj/LaunchScreen.storyboard; sourceTree = "<group>"; };
		0C7D77E42ACF368E00A4F634 /* Info.plist */ = {isa = PBXFileReference; lastKnownFileType = text.plist.xml; path = Info.plist; sourceTree = "<group>"; };
		0C7D77E92ACF368E00A4F634 /* lokasyonkullanimiTests.xctest */ = {isa = PBXFileReference; explicitFileType = wrapper.cfbundle; includeInIndex = 0; path = lokasyonkullanimiTests.xctest; sourceTree = BUILT_PRODUCTS_DIR; };
		0C7D77ED2ACF368E00A4F634 /* lokasyonkullanimiTests.swift */ = {isa = PBXFileReference; lastKnownFileType = sourcecode.swift; path = lokasyonkullanimiTests.swift; sourceTree = "<group>"; };
		0C7D77F32ACF368E00A4F634 /* lokasyonkullanimiUITests.xctest */ = {isa = PBXFileReference; explicitFileType = wrapper.cfbundle; includeInIndex = 0; path = lokasyonkullanimiUITests.xctest; sourceTree = BUILT_PRODUCTS_DIR; };
		0C7D77F72ACF368E00A4F634 /* lokasyonkullanimiUITests.swift */ = {isa = PBXFileReference; lastKnownFileType = sourcecode.swift; path = lokasyonkullanimiUITests.swift; sourceTree = "<group>"; };
		0C7D77F92ACF368E00A4F634 /* lokasyonkullanimiUITestsLaunchTests.swift */ = {isa = PBXFileReference; lastKnownFileType = sourcecode.swift; path = lokasyonkullanimiUITestsLaunchTests.swift; sourceTree = "<group>"; };
		0C7D78072ACF372600A4F634 /* CoreLocation.framework */ = {isa = PBXFileReference; lastKnownFileType = wrapper.framework; name = CoreLocation.framework; path = System/Library/Frameworks/CoreLocation.framework; sourceTree = SDKROOT; };
		0C7D78092ACF3A9000A4F634 /* MapKit.framework */ = {isa = PBXFileReference; lastKnownFileType = wrapper.framework; name = MapKit.framework; path = System/Library/Frameworks/MapKit.framework; sourceTree = SDKROOT; };
/* End PBXFileReference section */

/* Begin PBXFrameworksBuildPhase section */
		0C7D77D02ACF368C00A4F634 /* Frameworks */ = {
			isa = PBXFrameworksBuildPhase;
			buildActionMask = 2147483647;
			files = (
				0C7D780A2ACF3A9000A4F634 /* MapKit.framework in Frameworks */,
				0C7D78082ACF372600A4F634 /* CoreLocation.framework in Frameworks */,
			);
			runOnlyForDeploymentPostprocessing = 0;
		};
		0C7D77E62ACF368E00A4F634 /* Frameworks */ = {
			isa = PBXFrameworksBuildPhase;
			buildActionMask = 2147483647;
			files = (
			);
			runOnlyForDeploymentPostprocessing = 0;
		};
		0C7D77F02ACF368E00A4F634 /* Frameworks */ = {
			isa = PBXFrameworksBuildPhase;
			buildActionMask = 2147483647;
			files = (
			);
			runOnlyForDeploymentPostprocessing = 0;
		};
/* End PBXFrameworksBuildPhase section */

/* Begin PBXGroup section */
		0C7D77CA2ACF368C00A4F634 = {
			isa = PBXGroup;
			children = (
				0C7D77D52ACF368C00A4F634 /* lokasyonkullanimi */,
				0C7D77EC2ACF368E00A4F634 /* lokasyonkullanimiTests */,
				0C7D77F62ACF368E00A4F634 /* lokasyonkullanimiUITests */,
				0C7D77D42ACF368C00A4F634 /* Products */,
				0C7D78062ACF372600A4F634 /* Frameworks */,
			);
			sourceTree = "<group>";
		};
		0C7D77D42ACF368C00A4F634 /* Products */ = {
			isa = PBXGroup;
			children = (
				0C7D77D32ACF368C00A4F634 /* lokasyonkullanimi.app */,
				0C7D77E92ACF368E00A4F634 /* lokasyonkullanimiTests.xctest */,
				0C7D77F32ACF368E00A4F634 /* lokasyonkullanimiUITests.xctest */,
			);
			name = Products;
			sourceTree = "<group>";
		};
		0C7D77D52ACF368C00A4F634 /* lokasyonkullanimi */ = {
			isa = PBXGroup;
			children = (
				0C7D77D62ACF368C00A4F634 /* AppDelegate.swift */,
				0C7D77D82ACF368C00A4F634 /* SceneDelegate.swift */,
				0C7D77DA2ACF368C00A4F634 /* ViewController.swift */,
				0C7D77DC2ACF368C00A4F634 /* Main.storyboard */,
				0C7D77DF2ACF368E00A4F634 /* Assets.xcassets */,
				0C7D77E12ACF368E00A4F634 /* LaunchScreen.storyboard */,
				0C7D77E42ACF368E00A4F634 /* Info.plist */,
			);
			path = lokasyonkullanimi;
			sourceTree = "<group>";
		};
		0C7D77EC2ACF368E00A4F634 /* lokasyonkullanimiTests */ = {
			isa = PBXGroup;
			children = (
				0C7D77ED2ACF368E00A4F634 /* lokasyonkullanimiTests.swift */,
			);
			path = lokasyonkullanimiTests;
			sourceTree = "<group>";
		};
		0C7D77F62ACF368E00A4F634 /* lokasyonkullanimiUITests */ = {
			isa = PBXGroup;
			children = (
				0C7D77F72ACF368E00A4F634 /* lokasyonkullanimiUITests.swift */,
				0C7D77F92ACF368E00A4F634 /* lokasyonkullanimiUITestsLaunchTests.swift */,
			);
			path = lokasyonkullanimiUITests;
			sourceTree = "<group>";
		};
		0C7D78062ACF372600A4F634 /* Frameworks */ = {
			isa = PBXGroup;
			children = (
				0C7D78092ACF3A9000A4F634 /* MapKit.framework */,
				0C7D78072ACF372600A4F634 /* CoreLocation.framework */,
			);
			name = Frameworks;
			sourceTree = "<group>";
		};
/* End PBXGroup section */

/* Begin PBXNativeTarget section */
		0C7D77D22ACF368C00A4F634 /* lokasyonkullanimi */ = {
			isa = PBXNativeTarget;
			buildConfigurationList = 0C7D77FD2ACF368E00A4F634 /* Build configuration list for PBXNativeTarget "lokasyonkullanimi" */;
			buildPhases = (
				0C7D77CF2ACF368C00A4F634 /* Sources */,
				0C7D77D02ACF368C00A4F634 /* Frameworks */,
				0C7D77D12ACF368C00A4F634 /* Resources */,
			);
			buildRules = (
			);
			dependencies = (
			);
			name = lokasyonkullanimi;
			productName = lokasyonkullanimi;
			productReference = 0C7D77D32ACF368C00A4F634 /* lokasyonkullanimi.app */;
			productType = "com.apple.product-type.application";
		};
		0C7D77E82ACF368E00A4F634 /* lokasyonkullanimiTests */ = {
			isa = PBXNativeTarget;
			buildConfigurationList = 0C7D78002ACF368E00A4F634 /* Build configuration list for PBXNativeTarget "lokasyonkullanimiTests" */;
			buildPhases = (
				0C7D77E52ACF368E00A4F634 /* Sources */,
				0C7D77E62ACF368E00A4F634 /* Frameworks */,
				0C7D77E72ACF368E00A4F634 /* Resources */,
			);
			buildRules = (
			);
			dependencies = (
				0C7D77EB2ACF368E00A4F634 /* PBXTargetDependency */,
			);
			name = lokasyonkullanimiTests;
			productName = lokasyonkullanimiTests;
			productReference = 0C7D77E92ACF368E00A4F634 /* lokasyonkullanimiTests.xctest */;
			productType = "com.apple.product-type.bundle.unit-test";
		};
		0C7D77F22ACF368E00A4F634 /* lokasyonkullanimiUITests */ = {
			isa = PBXNativeTarget;
			buildConfigurationList = 0C7D78032ACF368E00A4F634 /* Build configuration list for PBXNativeTarget "lokasyonkullanimiUITests" */;
			buildPhases = (
				0C7D77EF2ACF368E00A4F634 /* Sources */,
				0C7D77F02ACF368E00A4F634 /* Frameworks */,
				0C7D77F12ACF368E00A4F634 /* Resources */,
			);
			buildRules = (
			);
			dependencies = (
				0C7D77F52ACF368E00A4F634 /* PBXTargetDependency */,
			);
			name = lokasyonkullanimiUITests;
			productName = lokasyonkullanimiUITests;
			productReference = 0C7D77F32ACF368E00A4F634 /* lokasyonkullanimiUITests.xctest */;
			productType = "com.apple.product-type.bundle.ui-testing";
		};
/* End PBXNativeTarget section */

/* Begin PBXProject section */
		0C7D77CB2ACF368C00A4F634 /* Project object */ = {
			isa = PBXProject;
			attributes = {
				BuildIndependentTargetsInParallel = 1;
				LastSwiftUpdateCheck = 1500;
				LastUpgradeCheck = 1500;
				TargetAttributes = {
					0C7D77D22ACF368C00A4F634 = {
						CreatedOnToolsVersion = 15.0;
					};
					0C7D77E82ACF368E00A4F634 = {
						CreatedOnToolsVersion = 15.0;
						TestTargetID = 0C7D77D22ACF368C00A4F634;
					};
					0C7D77F22ACF368E00A4F634 = {
						CreatedOnToolsVersion = 15.0;
						TestTargetID = 0C7D77D22ACF368C00A4F634;
					};
				};
			};
			buildConfigurationList = 0C7D77CE2ACF368C00A4F634 /* Build configuration list for PBXProject "lokasyonkullanimi" */;
			compatibilityVersion = "Xcode 14.0";
			developmentRegion = en;
			hasScannedForEncodings = 0;
			knownRegions = (
				en,
				Base,
			);
			mainGroup = 0C7D77CA2ACF368C00A4F634;
			productRefGroup = 0C7D77D42ACF368C00A4F634 /* Products */;
			projectDirPath = "";
			projectRoot = "";
			targets = (
				0C7D77D22ACF368C00A4F634 /* lokasyonkullanimi */,
				0C7D77E82ACF368E00A4F634 /* lokasyonkullanimiTests */,
				0C7D77F22ACF368E00A4F634 /* lokasyonkullanimiUITests */,
			);
		};
/* End PBXProject section */

/* Begin PBXResourcesBuildPhase section */
		0C7D77D12ACF368C00A4F634 /* Resources */ = {
			isa = PBXResourcesBuildPhase;
			buildActionMask = 2147483647;
			files = (
				0C7D77E32ACF368E00A4F634 /* LaunchScreen.storyboard in Resources */,
				0C7D77E02ACF368E00A4F634 /* Assets.xcassets in Resources */,
				0C7D77DE2ACF368C00A4F634 /* Main.storyboard in Resources */,
			);
			runOnlyForDeploymentPostprocessing = 0;
		};
		0C7D77E72ACF368E00A4F634 /* Resources */ = {
			isa = PBXResourcesBuildPhase;
			buildActionMask = 2147483647;
			files = (
			);
			runOnlyForDeploymentPostprocessing = 0;
		};
		0C7D77F12ACF368E00A4F634 /* Resources */ = {
			isa = PBXResourcesBuildPhase;
			buildActionMask = 2147483647;
			files = (
			);
			runOnlyForDeploymentPostprocessing = 0;
		};
/* End PBXResourcesBuildPhase section */

/* Begin PBXSourcesBuildPhase section */
		0C7D77CF2ACF368C00A4F634 /* Sources */ = {
			isa = PBXSourcesBuildPhase;
			buildActionMask = 2147483647;
			files = (
				0C7D77DB2ACF368C00A4F634 /* ViewController.swift in Sources */,
				0C7D77D72ACF368C00A4F634 /* AppDelegate.swift in Sources */,
				0C7D77D92ACF368C00A4F634 /* SceneDelegate.swift in Sources */,
			);
			runOnlyForDeploymentPostprocessing = 0;
		};
		0C7D77E52ACF368E00A4F634 /* Sources */ = {
			isa = PBXSourcesBuildPhase;
			buildActionMask = 2147483647;
			files = (
				0C7D77EE2ACF368E00A4F634 /* lokasyonkullanimiTests.swift in Sources */,
			);
			runOnlyForDeploymentPostprocessing = 0;
		};
		0C7D77EF2ACF368E00A4F634 /* Sources */ = {
			isa = PBXSourcesBuildPhase;
			buildActionMask = 2147483647;
			files = (
				0C7D77F82ACF368E00A4F634 /* lokasyonkullanimiUITests.swift in Sources */,
				0C7D77FA2ACF368E00A4F634 /* lokasyonkullanimiUITestsLaunchTests.swift in Sources */,
			);
			runOnlyForDeploymentPostprocessing = 0;
		};
/* End PBXSourcesBuildPhase section */

/* Begin PBXTargetDependency section */
		0C7D77EB2ACF368E00A4F634 /* PBXTargetDependency */ = {
			isa = PBXTargetDependency;
			target = 0C7D77D22ACF368C00A4F634 /* lokasyonkullanimi */;
			targetProxy = 0C7D77EA2ACF368E00A4F634 /* PBXContainerItemProxy */;
		};
		0C7D77F52ACF368E00A4F634 /* PBXTargetDependency */ = {
			isa = PBXTargetDependency;
			target = 0C7D77D22ACF368C00A4F634 /* lokasyonkullanimi */;
			targetProxy = 0C7D77F42ACF368E00A4F634 /* PBXContainerItemProxy */;
		};
/* End PBXTargetDependency section */

/* Begin PBXVariantGroup section */
		0C7D77DC2ACF368C00A4F634 /* Main.storyboard */ = {
			isa = PBXVariantGroup;
			children = (
				0C7D77DD2ACF368C00A4F634 /* Base */,
			);
			name = Main.storyboard;
			sourceTree = "<group>";
		};
		0C7D77E12ACF368E00A4F634 /* LaunchScreen.storyboard */ = {
			isa = PBXVariantGroup;
			children = (
				0C7D77E22ACF368E00A4F634 /* Base */,
			);
			name = LaunchScreen.storyboard;
			sourceTree = "<group>";
		};
/* End PBXVariantGroup section */

/* Begin XCBuildConfiguration section */
		0C7D77FB2ACF368E00A4F634 /* Debug */ = {
			isa = XCBuildConfiguration;
			buildSettings = {
				ALWAYS_SEARCH_USER_PATHS = NO;
				ASSETCATALOG_COMPILER_GENERATE_SWIFT_ASSET_SYMBOL_EXTENSIONS = YES;
				CLANG_ANALYZER_NONNULL = YES;
				CLANG_ANALYZER_NUMBER_OBJECT_CONVERSION = YES_AGGRESSIVE;
				CLANG_CXX_LANGUAGE_STANDARD = "gnu++20";
				CLANG_ENABLE_MODULES = YES;
				CLANG_ENABLE_OBJC_ARC = YES;
				CLANG_ENABLE_OBJC_WEAK = YES;
				CLANG_WARN_BLOCK_CAPTURE_AUTORELEASING = YES;
				CLANG_WARN_BOOL_CONVERSION = YES;
				CLANG_WARN_COMMA = YES;
				CLANG_WARN_CONSTANT_CONVERSION = YES;
				CLANG_WARN_DEPRECATED_OBJC_IMPLEMENTATIONS = YES;
				CLANG_WARN_DIRECT_OBJC_ISA_USAGE = YES_ERROR;
				CLANG_WARN_DOCUMENTATION_COMMENTS = YES;
				CLANG_WARN_EMPTY_BODY = YES;
				CLANG_WARN_ENUM_CONVERSION = YES;
				CLANG_WARN_INFINITE_RECURSION = YES;
				CLANG_WARN_INT_CONVERSION = YES;
				CLANG_WARN_NON_LITERAL_NULL_CONVERSION = YES;
				CLANG_WARN_OBJC_IMPLICIT_RETAIN_SELF = YES;
				CLANG_WARN_OBJC_LITERAL_CONVERSION = YES;
				CLANG_WARN_OBJC_ROOT_CLASS = YES_ERROR;
				CLANG_WARN_QUOTED_INCLUDE_IN_FRAMEWORK_HEADER = YES;
				CLANG_WARN_RANGE_LOOP_ANALYSIS = YES;
				CLANG_WARN_STRICT_PROTOTYPES = YES;
				CLANG_WARN_SUSPICIOUS_MOVE = YES;
				CLANG_WARN_UNGUARDED_AVAILABILITY = YES_AGGRESSIVE;
				CLANG_WARN_UNREACHABLE_CODE = YES;
				CLANG_WARN__DUPLICATE_METHOD_MATCH = YES;
				COPY_PHASE_STRIP = NO;
				DEBUG_INFORMATION_FORMAT = dwarf;
				ENABLE_STRICT_OBJC_MSGSEND = YES;
				ENABLE_TESTABILITY = YES;
				ENABLE_USER_SCRIPT_SANDBOXING = YES;
				GCC_C_LANGUAGE_STANDARD = gnu17;
				GCC_DYNAMIC_NO_PIC = NO;
				GCC_NO_COMMON_BLOCKS = YES;
				GCC_OPTIMIZATION_LEVEL = 0;
				GCC_PREPROCESSOR_DEFINITIONS = (
					"DEBUG=1",
					"$(inherited)",
				);
				GCC_WARN_64_TO_32_BIT_CONVERSION = YES;
				GCC_WARN_ABOUT_RETURN_TYPE = YES_ERROR;
				GCC_WARN_UNDECLARED_SELECTOR = YES;
				GCC_WARN_UNINITIALIZED_AUTOS = YES_AGGRESSIVE;
				GCC_WARN_UNUSED_FUNCTION = YES;
				GCC_WARN_UNUSED_VARIABLE = YES;
				IPHONEOS_DEPLOYMENT_TARGET = 17.0;
				LOCALIZATION_PREFERS_STRING_CATALOGS = YES;
				MTL_ENABLE_DEBUG_INFO = INCLUDE_SOURCE;
				MTL_FAST_MATH = YES;
				ONLY_ACTIVE_ARCH = YES;
				SDKROOT = iphoneos;
				SWIFT_ACTIVE_COMPILATION_CONDITIONS = "DEBUG $(inherited)";
				SWIFT_OPTIMIZATION_LEVEL = "-Onone";
			};
			name = Debug;
		};
		0C7D77FC2ACF368E00A4F634 /* Release */ = {
			isa = XCBuildConfiguration;
			buildSettings = {
				ALWAYS_SEARCH_USER_PATHS = NO;
				ASSETCATALOG_COMPILER_GENERATE_SWIFT_ASSET_SYMBOL_EXTENSIONS = YES;
				CLANG_ANALYZER_NONNULL = YES;
				CLANG_ANALYZER_NUMBER_OBJECT_CONVERSION = YES_AGGRESSIVE;
				CLANG_CXX_LANGUAGE_STANDARD = "gnu++20";
				CLANG_ENABLE_MODULES = YES;
				CLANG_ENABLE_OBJC_ARC = YES;
				CLANG_ENABLE_OBJC_WEAK = YES;
				CLANG_WARN_BLOCK_CAPTURE_AUTORELEASING = YES;
				CLANG_WARN_BOOL_CONVERSION = YES;
				CLANG_WARN_COMMA = YES;
				CLANG_WARN_CONSTANT_CONVERSION = YES;
				CLANG_WARN_DEPRECATED_OBJC_IMPLEMENTATIONS = YES;
				CLANG_WARN_DIRECT_OBJC_ISA_USAGE = YES_ERROR;
				CLANG_WARN_DOCUMENTATION_COMMENTS = YES;
				CLANG_WARN_EMPTY_BODY = YES;
				CLANG_WARN_ENUM_CONVERSION = YES;
				CLANG_WARN_INFINITE_RECURSION = YES;
				CLANG_WARN_INT_CONVERSION = YES;
				CLANG_WARN_NON_LITERAL_NULL_CONVERSION = YES;
				CLANG_WARN_OBJC_IMPLICIT_RETAIN_SELF = YES;
				CLANG_WARN_OBJC_LITERAL_CONVERSION = YES;
				CLANG_WARN_OBJC_ROOT_CLASS = YES_ERROR;
				CLANG_WARN_QUOTED_INCLUDE_IN_FRAMEWORK_HEADER = YES;
				CLANG_WARN_RANGE_LOOP_ANALYSIS = YES;
				CLANG_WARN_STRICT_PROTOTYPES = YES;
				CLANG_WARN_SUSPICIOUS_MOVE = YES;
				CLANG_WARN_UNGUARDED_AVAILABILITY = YES_AGGRESSIVE;
				CLANG_WARN_UNREACHABLE_CODE = YES;
				CLANG_WARN__DUPLICATE_METHOD_MATCH = YES;
				COPY_PHASE_STRIP = NO;
				DEBUG_INFORMATION_FORMAT = "dwarf-with-dsym";
				ENABLE_NS_ASSERTIONS = NO;
				ENABLE_STRICT_OBJC_MSGSEND = YES;
				ENABLE_USER_SCRIPT_SANDBOXING = YES;
				GCC_C_LANGUAGE_STANDARD = gnu17;
				GCC_NO_COMMON_BLOCKS = YES;
				GCC_WARN_64_TO_32_BIT_CONVERSION = YES;
				GCC_WARN_ABOUT_RETURN_TYPE = YES_ERROR;
				GCC_WARN_UNDECLARED_SELECTOR = YES;
				GCC_WARN_UNINITIALIZED_AUTOS = YES_AGGRESSIVE;
				GCC_WARN_UNUSED_FUNCTION = YES;
				GCC_WARN_UNUSED_VARIABLE = YES;
				IPHONEOS_DEPLOYMENT_TARGET = 17.0;
				LOCALIZATION_PREFERS_STRING_CATALOGS = YES;
				MTL_ENABLE_DEBUG_INFO = NO;
				MTL_FAST_MATH = YES;
				SDKROOT = iphoneos;
				SWIFT_COMPILATION_MODE = wholemodule;
				VALIDATE_PRODUCT = YES;
			};
			name = Release;
		};
		0C7D77FE2ACF368E00A4F634 /* Debug */ = {
			isa = XCBuildConfiguration;
			buildSettings = {
				ASSETCATALOG_COMPILER_APPICON_NAME = AppIcon;
				ASSETCATALOG_COMPILER_GLOBAL_ACCENT_COLOR_NAME = AccentColor;
				CODE_SIGN_STYLE = Automatic;
				CURRENT_PROJECT_VERSION = 1;
				DEVELOPMENT_TEAM = 7935AUGAK5;
				GENERATE_INFOPLIST_FILE = YES;
				INFOPLIST_FILE = lokasyonkullanimi/Info.plist;
				INFOPLIST_KEY_NSLocationWhenInUseUsageDescription = "Konum izni";
				INFOPLIST_KEY_UIApplicationSupportsIndirectInputEvents = YES;
				INFOPLIST_KEY_UILaunchStoryboardName = LaunchScreen;
				INFOPLIST_KEY_UIMainStoryboardFile = Main;
				INFOPLIST_KEY_UISupportedInterfaceOrientations_iPad = "UIInterfaceOrientationPortrait UIInterfaceOrientationPortraitUpsideDown UIInterfaceOrientationLandscapeLeft UIInterfaceOrientationLandscapeRight";
				INFOPLIST_KEY_UISupportedInterfaceOrientations_iPhone = "UIInterfaceOrientationPortrait UIInterfaceOrientationLandscapeLeft UIInterfaceOrientationLandscapeRight";
				LD_RUNPATH_SEARCH_PATHS = (
					"$(inherited)",
					"@executable_path/Frameworks",
				);
				MARKETING_VERSION = 1.0;
				PRODUCT_BUNDLE_IDENTIFIER = NomadOS.lokasyonkullanimi;
				PRODUCT_NAME = "$(TARGET_NAME)";
				SWIFT_EMIT_LOC_STRINGS = YES;
				SWIFT_VERSION = 5.0;
				TARGETED_DEVICE_FAMILY = "1,2";
			};
			name = Debug;
		};
		0C7D77FF2ACF368E00A4F634 /* Release */ = {
			isa = XCBuildConfiguration;
			buildSettings = {
				ASSETCATALOG_COMPILER_APPICON_NAME = AppIcon;
				ASSETCATALOG_COMPILER_GLOBAL_ACCENT_COLOR_NAME = AccentColor;
				CODE_SIGN_STYLE = Automatic;
				CURRENT_PROJECT_VERSION = 1;
				DEVELOPMENT_TEAM = 7935AUGAK5;
				GENERATE_INFOPLIST_FILE = YES;
				INFOPLIST_FILE = lokasyonkullanimi/Info.plist;
				INFOPLIST_KEY_NSLocationWhenInUseUsageDescription = "Konum izni";
				INFOPLIST_KEY_UIApplicationSupportsIndirectInputEvents = YES;
				INFOPLIST_KEY_UILaunchStoryboardName = LaunchScreen;
				INFOPLIST_KEY_UIMainStoryboardFile = Main;
				INFOPLIST_KEY_UISupportedInterfaceOrientations_iPad = "UIInterfaceOrientationPortrait UIInterfaceOrientationPortraitUpsideDown UIInterfaceOrientationLandscapeLeft UIInterfaceOrientationLandscapeRight";
				INFOPLIST_KEY_UISupportedInterfaceOrientations_iPhone = "UIInterfaceOrientationPortrait UIInterfaceOrientationLandscapeLeft UIInterfaceOrientationLandscapeRight";
				LD_RUNPATH_SEARCH_PATHS = (
					"$(inherited)",
					"@executable_path/Frameworks",
				);
				MARKETING_VERSION = 1.0;
				PRODUCT_BUNDLE_IDENTIFIER = NomadOS.lokasyonkullanimi;
				PRODUCT_NAME = "$(TARGET_NAME)";
				SWIFT_EMIT_LOC_STRINGS = YES;
				SWIFT_VERSION = 5.0;
				TARGETED_DEVICE_FAMILY = "1,2";
			};
			name = Release;
		};
		0C7D78012ACF368E00A4F634 /* Debug */ = {
			isa = XCBuildConfiguration;
			buildSettings = {
				ALWAYS_EMBED_SWIFT_STANDARD_LIBRARIES = YES;
				BUNDLE_LOADER = "$(TEST_HOST)";
				CODE_SIGN_STYLE = Automatic;
				CURRENT_PROJECT_VERSION = 1;
				DEVELOPMENT_TEAM = 7935AUGAK5;
				GENERATE_INFOPLIST_FILE = YES;
				IPHONEOS_DEPLOYMENT_TARGET = 17.0;
				MARKETING_VERSION = 1.0;
				PRODUCT_BUNDLE_IDENTIFIER = NomadOS.lokasyonkullanimiTests;
				PRODUCT_NAME = "$(TARGET_NAME)";
				SWIFT_EMIT_LOC_STRINGS = NO;
				SWIFT_VERSION = 5.0;
				TARGETED_DEVICE_FAMILY = "1,2";
				TEST_HOST = "$(BUILT_PRODUCTS_DIR)/lokasyonkullanimi.app/$(BUNDLE_EXECUTABLE_FOLDER_PATH)/lokasyonkullanimi";
			};
			name = Debug;
		};
		0C7D78022ACF368E00A4F634 /* Release */ = {
			isa = XCBuildConfiguration;
			buildSettings = {
				ALWAYS_EMBED_SWIFT_STANDARD_LIBRARIES = YES;
				BUNDLE_LOADER = "$(TEST_HOST)";
				CODE_SIGN_STYLE = Automatic;
				CURRENT_PROJECT_VERSION = 1;
				DEVELOPMENT_TEAM = 7935AUGAK5;
				GENERATE_INFOPLIST_FILE = YES;
				IPHONEOS_DEPLOYMENT_TARGET = 17.0;
				MARKETING_VERSION = 1.0;
				PRODUCT_BUNDLE_IDENTIFIER = NomadOS.lokasyonkullanimiTests;
				PRODUCT_NAME = "$(TARGET_NAME)";
				SWIFT_EMIT_LOC_STRINGS = NO;
				SWIFT_VERSION = 5.0;
				TARGETED_DEVICE_FAMILY = "1,2";
				TEST_HOST = "$(BUILT_PRODUCTS_DIR)/lokasyonkullanimi.app/$(BUNDLE_EXECUTABLE_FOLDER_PATH)/lokasyonkullanimi";
			};
			name = Release;
		};
		0C7D78042ACF368E00A4F634 /* Debug */ = {
			isa = XCBuildConfiguration;
			buildSettings = {
				ALWAYS_EMBED_SWIFT_STANDARD_LIBRARIES = YES;
				CODE_SIGN_STYLE = Automatic;
				CURRENT_PROJECT_VERSION = 1;
				DEVELOPMENT_TEAM = 7935AUGAK5;
				GENERATE_INFOPLIST_FILE = YES;
				MARKETING_VERSION = 1.0;
				PRODUCT_BUNDLE_IDENTIFIER = NomadOS.lokasyonkullanimiUITests;
				PRODUCT_NAME = "$(TARGET_NAME)";
				SWIFT_EMIT_LOC_STRINGS = NO;
				SWIFT_VERSION = 5.0;
				TARGETED_DEVICE_FAMILY = "1,2";
				TEST_TARGET_NAME = lokasyonkullanimi;
			};
			name = Debug;
		};
		0C7D78052ACF368E00A4F634 /* Release */ = {
			isa = XCBuildConfiguration;
			buildSettings = {
				ALWAYS_EMBED_SWIFT_STANDARD_LIBRARIES = YES;
				CODE_SIGN_STYLE = Automatic;
				CURRENT_PROJECT_VERSION = 1;
				DEVELOPMENT_TEAM = 7935AUGAK5;
				GENERATE_INFOPLIST_FILE = YES;
				MARKETING_VERSION = 1.0;
				PRODUCT_BUNDLE_IDENTIFIER = NomadOS.lokasyonkullanimiUITests;
				PRODUCT_NAME = "$(TARGET_NAME)";
				SWIFT_EMIT_LOC_STRINGS = NO;
				SWIFT_VERSION = 5.0;
				TARGETED_DEVICE_FAMILY = "1,2";
				TEST_TARGET_NAME = lokasyonkullanimi;
			};
			name = Release;
		};
/* End XCBuildConfiguration section */

/* Begin XCConfigurationList section */
		0C7D77CE2ACF368C00A4F634 /* Build configuration list for PBXProject "lokasyonkullanimi" */ = {
			isa = XCConfigurationList;
			buildConfigurations = (
				0C7D77FB2ACF368E00A4F634 /* Debug */,
				0C7D77FC2ACF368E00A4F634 /* Release */,
			);
			defaultConfigurationIsVisible = 0;
			defaultConfigurationName = Release;
		};
		0C7D77FD2ACF368E00A4F634 /* Build configuration list for PBXNativeTarget "lokasyonkullanimi" */ = {
			isa = XCConfigurationList;
			buildConfigurations = (
				0C7D77FE2ACF368E00A4F634 /* Debug */,
				0C7D77FF2ACF368E00A4F634 /* Release */,
			);
			defaultConfigurationIsVisible = 0;
			defaultConfigurationName = Release;
		};
		0C7D78002ACF368E00A4F634 /* Build configuration list for PBXNativeTarget "lokasyonkullanimiTests" */ = {
			isa = XCConfigurationList;
			buildConfigurations = (
				0C7D78012ACF368E00A4F634 /* Debug */,
				0C7D78022ACF368E00A4F634 /* Release */,
			);
			defaultConfigurationIsVisible = 0;
			defaultConfigurationName = Release;
		};
		0C7D78032ACF368E00A4F634 /* Build configuration list for PBXNativeTarget "lokasyonkullanimiUITests" */ = {
			isa = XCConfigurationList;
			buildConfigurations = (
				0C7D78042ACF368E00A4F634 /* Debug */,
				0C7D78052ACF368E00A4F634 /* Release */,
			);
			defaultConfigurationIsVisible = 0;
			defaultConfigurationName = Release;
		};
/* End XCConfigurationList section */
	};
	rootObject = 0C7D77CB2ACF368C00A4F634 /* Project object */;
}
