// !$*UTF8*$!
{
	archiveVersion = 1;
	classes = {
	};
	objectVersion = 56;
	objects = {

/* Begin PBXBuildFile section */
		0CB9773F2AB0CBC00089BB88 /* AppDelegate.swift in Sources */ = {isa = PBXBuildFile; fileRef = 0CB9773E2AB0CBC00089BB88 /* AppDelegate.swift */; };
		0CB977412AB0CBC00089BB88 /* SceneDelegate.swift in Sources */ = {isa = PBXBuildFile; fileRef = 0CB977402AB0CBC00089BB88 /* SceneDelegate.swift */; };
		0CB977432AB0CBC00089BB88 /* ViewController.swift in Sources */ = {isa = PBXBuildFile; fileRef = 0CB977422AB0CBC00089BB88 /* ViewController.swift */; };
		0CB977462AB0CBC00089BB88 /* Main.storyboard in Resources */ = {isa = PBXBuildFile; fileRef = 0CB977442AB0CBC00089BB88 /* Main.storyboard */; };
		0CB977482AB0CBC20089BB88 /* Assets.xcassets in Resources */ = {isa = PBXBuildFile; fileRef = 0CB977472AB0CBC20089BB88 /* Assets.xcassets */; };
		0CB9774B2AB0CBC20089BB88 /* LaunchScreen.storyboard in Resources */ = {isa = PBXBuildFile; fileRef = 0CB977492AB0CBC20089BB88 /* LaunchScreen.storyboard */; };
		0CB977562AB0CBC30089BB88 /* designWork1Tests.swift in Sources */ = {isa = PBXBuildFile; fileRef = 0CB977552AB0CBC30089BB88 /* designWork1Tests.swift */; };
		0CB977602AB0CBC30089BB88 /* designWork1UITests.swift in Sources */ = {isa = PBXBuildFile; fileRef = 0CB9775F2AB0CBC30089BB88 /* designWork1UITests.swift */; };
		0CB977622AB0CBC30089BB88 /* designWork1UITestsLaunchTests.swift in Sources */ = {isa = PBXBuildFile; fileRef = 0CB977612AB0CBC30089BB88 /* designWork1UITestsLaunchTests.swift */; };
/* End PBXBuildFile section */

/* Begin PBXContainerItemProxy section */
		0CB977522AB0CBC30089BB88 /* PBXContainerItemProxy */ = {
			isa = PBXContainerItemProxy;
			containerPortal = 0CB977332AB0CBC00089BB88 /* Project object */;
			proxyType = 1;
			remoteGlobalIDString = 0CB9773A2AB0CBC00089BB88;
			remoteInfo = designWork1;
		};
		0CB9775C2AB0CBC30089BB88 /* PBXContainerItemProxy */ = {
			isa = PBXContainerItemProxy;
			containerPortal = 0CB977332AB0CBC00089BB88 /* Project object */;
			proxyType = 1;
			remoteGlobalIDString = 0CB9773A2AB0CBC00089BB88;
			remoteInfo = designWork1;
		};
/* End PBXContainerItemProxy section */

/* Begin PBXFileReference section */
		0CB9773B2AB0CBC00089BB88 /* designWork1.app */ = {isa = PBXFileReference; explicitFileType = wrapper.application; includeInIndex = 0; path = designWork1.app; sourceTree = BUILT_PRODUCTS_DIR; };
		0CB9773E2AB0CBC00089BB88 /* AppDelegate.swift */ = {isa = PBXFileReference; lastKnownFileType = sourcecode.swift; path = AppDelegate.swift; sourceTree = "<group>"; };
		0CB977402AB0CBC00089BB88 /* SceneDelegate.swift */ = {isa = PBXFileReference; lastKnownFileType = sourcecode.swift; path = SceneDelegate.swift; sourceTree = "<group>"; };
		0CB977422AB0CBC00089BB88 /* ViewController.swift */ = {isa = PBXFileReference; lastKnownFileType = sourcecode.swift; path = ViewController.swift; sourceTree = "<group>"; };
		0CB977452AB0CBC00089BB88 /* Base */ = {isa = PBXFileReference; lastKnownFileType = file.storyboard; name = Base; path = Base.lproj/Main.storyboard; sourceTree = "<group>"; };
		0CB977472AB0CBC20089BB88 /* Assets.xcassets */ = {isa = PBXFileReference; lastKnownFileType = folder.assetcatalog; path = Assets.xcassets; sourceTree = "<group>"; };
		0CB9774A2AB0CBC20089BB88 /* Base */ = {isa = PBXFileReference; lastKnownFileType = file.storyboard; name = Base; path = Base.lproj/LaunchScreen.storyboard; sourceTree = "<group>"; };
		0CB9774C2AB0CBC20089BB88 /* Info.plist */ = {isa = PBXFileReference; lastKnownFileType = text.plist.xml; path = Info.plist; sourceTree = "<group>"; };
		0CB977512AB0CBC30089BB88 /* designWork1Tests.xctest */ = {isa = PBXFileReference; explicitFileType = wrapper.cfbundle; includeInIndex = 0; path = designWork1Tests.xctest; sourceTree = BUILT_PRODUCTS_DIR; };
		0CB977552AB0CBC30089BB88 /* designWork1Tests.swift */ = {isa = PBXFileReference; lastKnownFileType = sourcecode.swift; path = designWork1Tests.swift; sourceTree = "<group>"; };
		0CB9775B2AB0CBC30089BB88 /* designWork1UITests.xctest */ = {isa = PBXFileReference; explicitFileType = wrapper.cfbundle; includeInIndex = 0; path = designWork1UITests.xctest; sourceTree = BUILT_PRODUCTS_DIR; };
		0CB9775F2AB0CBC30089BB88 /* designWork1UITests.swift */ = {isa = PBXFileReference; lastKnownFileType = sourcecode.swift; path = designWork1UITests.swift; sourceTree = "<group>"; };
		0CB977612AB0CBC30089BB88 /* designWork1UITestsLaunchTests.swift */ = {isa = PBXFileReference; lastKnownFileType = sourcecode.swift; path = designWork1UITestsLaunchTests.swift; sourceTree = "<group>"; };
/* End PBXFileReference section */

/* Begin PBXFrameworksBuildPhase section */
		0CB977382AB0CBC00089BB88 /* Frameworks */ = {
			isa = PBXFrameworksBuildPhase;
			buildActionMask = 2147483647;
			files = (
			);
			runOnlyForDeploymentPostprocessing = 0;
		};
		0CB9774E2AB0CBC20089BB88 /* Frameworks */ = {
			isa = PBXFrameworksBuildPhase;
			buildActionMask = 2147483647;
			files = (
			);
			runOnlyForDeploymentPostprocessing = 0;
		};
		0CB977582AB0CBC30089BB88 /* Frameworks */ = {
			isa = PBXFrameworksBuildPhase;
			buildActionMask = 2147483647;
			files = (
			);
			runOnlyForDeploymentPostprocessing = 0;
		};
/* End PBXFrameworksBuildPhase section */

/* Begin PBXGroup section */
		0CB977322AB0CBC00089BB88 = {
			isa = PBXGroup;
			children = (
				0CB9773D2AB0CBC00089BB88 /* designWork1 */,
				0CB977542AB0CBC30089BB88 /* designWork1Tests */,
				0CB9775E2AB0CBC30089BB88 /* designWork1UITests */,
				0CB9773C2AB0CBC00089BB88 /* Products */,
			);
			sourceTree = "<group>";
		};
		0CB9773C2AB0CBC00089BB88 /* Products */ = {
			isa = PBXGroup;
			children = (
				0CB9773B2AB0CBC00089BB88 /* designWork1.app */,
				0CB977512AB0CBC30089BB88 /* designWork1Tests.xctest */,
				0CB9775B2AB0CBC30089BB88 /* designWork1UITests.xctest */,
			);
			name = Products;
			sourceTree = "<group>";
		};
		0CB9773D2AB0CBC00089BB88 /* designWork1 */ = {
			isa = PBXGroup;
			children = (
				0CB9773E2AB0CBC00089BB88 /* AppDelegate.swift */,
				0CB977402AB0CBC00089BB88 /* SceneDelegate.swift */,
				0CB977422AB0CBC00089BB88 /* ViewController.swift */,
				0CB977442AB0CBC00089BB88 /* Main.storyboard */,
				0CB977472AB0CBC20089BB88 /* Assets.xcassets */,
				0CB977492AB0CBC20089BB88 /* LaunchScreen.storyboard */,
				0CB9774C2AB0CBC20089BB88 /* Info.plist */,
			);
			path = designWork1;
			sourceTree = "<group>";
		};
		0CB977542AB0CBC30089BB88 /* designWork1Tests */ = {
			isa = PBXGroup;
			children = (
				0CB977552AB0CBC30089BB88 /* designWork1Tests.swift */,
			);
			path = designWork1Tests;
			sourceTree = "<group>";
		};
		0CB9775E2AB0CBC30089BB88 /* designWork1UITests */ = {
			isa = PBXGroup;
			children = (
				0CB9775F2AB0CBC30089BB88 /* designWork1UITests.swift */,
				0CB977612AB0CBC30089BB88 /* designWork1UITestsLaunchTests.swift */,
			);
			path = designWork1UITests;
			sourceTree = "<group>";
		};
/* End PBXGroup section */

/* Begin PBXNativeTarget section */
		0CB9773A2AB0CBC00089BB88 /* designWork1 */ = {
			isa = PBXNativeTarget;
			buildConfigurationList = 0CB977652AB0CBC30089BB88 /* Build configuration list for PBXNativeTarget "designWork1" */;
			buildPhases = (
				0CB977372AB0CBC00089BB88 /* Sources */,
				0CB977382AB0CBC00089BB88 /* Frameworks */,
				0CB977392AB0CBC00089BB88 /* Resources */,
			);
			buildRules = (
			);
			dependencies = (
			);
			name = designWork1;
			productName = designWork1;
			productReference = 0CB9773B2AB0CBC00089BB88 /* designWork1.app */;
			productType = "com.apple.product-type.application";
		};
		0CB977502AB0CBC20089BB88 /* designWork1Tests */ = {
			isa = PBXNativeTarget;
			buildConfigurationList = 0CB977682AB0CBC30089BB88 /* Build configuration list for PBXNativeTarget "designWork1Tests" */;
			buildPhases = (
				0CB9774D2AB0CBC20089BB88 /* Sources */,
				0CB9774E2AB0CBC20089BB88 /* Frameworks */,
				0CB9774F2AB0CBC20089BB88 /* Resources */,
			);
			buildRules = (
			);
			dependencies = (
				0CB977532AB0CBC30089BB88 /* PBXTargetDependency */,
			);
			name = designWork1Tests;
			productName = designWork1Tests;
			productReference = 0CB977512AB0CBC30089BB88 /* designWork1Tests.xctest */;
			productType = "com.apple.product-type.bundle.unit-test";
		};
		0CB9775A2AB0CBC30089BB88 /* designWork1UITests */ = {
			isa = PBXNativeTarget;
			buildConfigurationList = 0CB9776B2AB0CBC30089BB88 /* Build configuration list for PBXNativeTarget "designWork1UITests" */;
			buildPhases = (
				0CB977572AB0CBC30089BB88 /* Sources */,
				0CB977582AB0CBC30089BB88 /* Frameworks */,
				0CB977592AB0CBC30089BB88 /* Resources */,
			);
			buildRules = (
			);
			dependencies = (
				0CB9775D2AB0CBC30089BB88 /* PBXTargetDependency */,
			);
			name = designWork1UITests;
			productName = designWork1UITests;
			productReference = 0CB9775B2AB0CBC30089BB88 /* designWork1UITests.xctest */;
			productType = "com.apple.product-type.bundle.ui-testing";
		};
/* End PBXNativeTarget section */

/* Begin PBXProject section */
		0CB977332AB0CBC00089BB88 /* Project object */ = {
			isa = PBXProject;
			attributes = {
				BuildIndependentTargetsInParallel = 1;
				LastSwiftUpdateCheck = 1430;
				LastUpgradeCheck = 1430;
				TargetAttributes = {
					0CB9773A2AB0CBC00089BB88 = {
						CreatedOnToolsVersion = 14.3.1;
					};
					0CB977502AB0CBC20089BB88 = {
						CreatedOnToolsVersion = 14.3.1;
						TestTargetID = 0CB9773A2AB0CBC00089BB88;
					};
					0CB9775A2AB0CBC30089BB88 = {
						CreatedOnToolsVersion = 14.3.1;
						TestTargetID = 0CB9773A2AB0CBC00089BB88;
					};
				};
			};
			buildConfigurationList = 0CB977362AB0CBC00089BB88 /* Build configuration list for PBXProject "designWork1" */;
			compatibilityVersion = "Xcode 14.0";
			developmentRegion = en;
			hasScannedForEncodings = 0;
			knownRegions = (
				en,
				Base,
			);
			mainGroup = 0CB977322AB0CBC00089BB88;
			productRefGroup = 0CB9773C2AB0CBC00089BB88 /* Products */;
			projectDirPath = "";
			projectRoot = "";
			targets = (
				0CB9773A2AB0CBC00089BB88 /* designWork1 */,
				0CB977502AB0CBC20089BB88 /* designWork1Tests */,
				0CB9775A2AB0CBC30089BB88 /* designWork1UITests */,
			);
		};
/* End PBXProject section */

/* Begin PBXResourcesBuildPhase section */
		0CB977392AB0CBC00089BB88 /* Resources */ = {
			isa = PBXResourcesBuildPhase;
			buildActionMask = 2147483647;
			files = (
				0CB9774B2AB0CBC20089BB88 /* LaunchScreen.storyboard in Resources */,
				0CB977482AB0CBC20089BB88 /* Assets.xcassets in Resources */,
				0CB977462AB0CBC00089BB88 /* Main.storyboard in Resources */,
			);
			runOnlyForDeploymentPostprocessing = 0;
		};
		0CB9774F2AB0CBC20089BB88 /* Resources */ = {
			isa = PBXResourcesBuildPhase;
			buildActionMask = 2147483647;
			files = (
			);
			runOnlyForDeploymentPostprocessing = 0;
		};
		0CB977592AB0CBC30089BB88 /* Resources */ = {
			isa = PBXResourcesBuildPhase;
			buildActionMask = 2147483647;
			files = (
			);
			runOnlyForDeploymentPostprocessing = 0;
		};
/* End PBXResourcesBuildPhase section */

/* Begin PBXSourcesBuildPhase section */
		0CB977372AB0CBC00089BB88 /* Sources */ = {
			isa = PBXSourcesBuildPhase;
			buildActionMask = 2147483647;
			files = (
				0CB977432AB0CBC00089BB88 /* ViewController.swift in Sources */,
				0CB9773F2AB0CBC00089BB88 /* AppDelegate.swift in Sources */,
				0CB977412AB0CBC00089BB88 /* SceneDelegate.swift in Sources */,
			);
			runOnlyForDeploymentPostprocessing = 0;
		};
		0CB9774D2AB0CBC20089BB88 /* Sources */ = {
			isa = PBXSourcesBuildPhase;
			buildActionMask = 2147483647;
			files = (
				0CB977562AB0CBC30089BB88 /* designWork1Tests.swift in Sources */,
			);
			runOnlyForDeploymentPostprocessing = 0;
		};
		0CB977572AB0CBC30089BB88 /* Sources */ = {
			isa = PBXSourcesBuildPhase;
			buildActionMask = 2147483647;
			files = (
				0CB977602AB0CBC30089BB88 /* designWork1UITests.swift in Sources */,
				0CB977622AB0CBC30089BB88 /* designWork1UITestsLaunchTests.swift in Sources */,
			);
			runOnlyForDeploymentPostprocessing = 0;
		};
/* End PBXSourcesBuildPhase section */

/* Begin PBXTargetDependency section */
		0CB977532AB0CBC30089BB88 /* PBXTargetDependency */ = {
			isa = PBXTargetDependency;
			target = 0CB9773A2AB0CBC00089BB88 /* designWork1 */;
			targetProxy = 0CB977522AB0CBC30089BB88 /* PBXContainerItemProxy */;
		};
		0CB9775D2AB0CBC30089BB88 /* PBXTargetDependency */ = {
			isa = PBXTargetDependency;
			target = 0CB9773A2AB0CBC00089BB88 /* designWork1 */;
			targetProxy = 0CB9775C2AB0CBC30089BB88 /* PBXContainerItemProxy */;
		};
/* End PBXTargetDependency section */

/* Begin PBXVariantGroup section */
		0CB977442AB0CBC00089BB88 /* Main.storyboard */ = {
			isa = PBXVariantGroup;
			children = (
				0CB977452AB0CBC00089BB88 /* Base */,
			);
			name = Main.storyboard;
			sourceTree = "<group>";
		};
		0CB977492AB0CBC20089BB88 /* LaunchScreen.storyboard */ = {
			isa = PBXVariantGroup;
			children = (
				0CB9774A2AB0CBC20089BB88 /* Base */,
			);
			name = LaunchScreen.storyboard;
			sourceTree = "<group>";
		};
/* End PBXVariantGroup section */

/* Begin XCBuildConfiguration section */
		0CB977632AB0CBC30089BB88 /* Debug */ = {
			isa = XCBuildConfiguration;
			buildSettings = {
				ALWAYS_SEARCH_USER_PATHS = NO;
				CLANG_ANALYZER_NONNULL = YES;
				CLANG_ANALYZER_NUMBER_OBJECT_CONVERSION = YES_AGGRESSIVE;
				CLANG_CXX_LANGUAGE_STANDARD = "gnu++20";
				CLANG_ENABLE_MODULES = YES;
				CLANG_ENABLE_OBJC_ARC = YES;
				CLANG_ENABLE_OBJC_WEAK = YES;
				CLANG_WARN_BLOCK_CAPTURE_AUTORELEASING = YES;
				CLANG_WARN_BOOL_CONVERSION = YES;
				CLANG_WARN_COMMA = YES;
				CLANG_WARN_CONSTANT_CONVERSION = YES;
				CLANG_WARN_DEPRECATED_OBJC_IMPLEMENTATIONS = YES;
				CLANG_WARN_DIRECT_OBJC_ISA_USAGE = YES_ERROR;
				CLANG_WARN_DOCUMENTATION_COMMENTS = YES;
				CLANG_WARN_EMPTY_BODY = YES;
				CLANG_WARN_ENUM_CONVERSION = YES;
				CLANG_WARN_INFINITE_RECURSION = YES;
				CLANG_WARN_INT_CONVERSION = YES;
				CLANG_WARN_NON_LITERAL_NULL_CONVERSION = YES;
				CLANG_WARN_OBJC_IMPLICIT_RETAIN_SELF = YES;
				CLANG_WARN_OBJC_LITERAL_CONVERSION = YES;
				CLANG_WARN_OBJC_ROOT_CLASS = YES_ERROR;
				CLANG_WARN_QUOTED_INCLUDE_IN_FRAMEWORK_HEADER = YES;
				CLANG_WARN_RANGE_LOOP_ANALYSIS = YES;
				CLANG_WARN_STRICT_PROTOTYPES = YES;
				CLANG_WARN_SUSPICIOUS_MOVE = YES;
				CLANG_WARN_UNGUARDED_AVAILABILITY = YES_AGGRESSIVE;
				CLANG_WARN_UNREACHABLE_CODE = YES;
				CLANG_WARN__DUPLICATE_METHOD_MATCH = YES;
				COPY_PHASE_STRIP = NO;
				DEBUG_INFORMATION_FORMAT = dwarf;
				ENABLE_STRICT_OBJC_MSGSEND = YES;
				ENABLE_TESTABILITY = YES;
				GCC_C_LANGUAGE_STANDARD = gnu11;
				GCC_DYNAMIC_NO_PIC = NO;
				GCC_NO_COMMON_BLOCKS = YES;
				GCC_OPTIMIZATION_LEVEL = 0;
				GCC_PREPROCESSOR_DEFINITIONS = (
					"DEBUG=1",
					"$(inherited)",
				);
				GCC_WARN_64_TO_32_BIT_CONVERSION = YES;
				GCC_WARN_ABOUT_RETURN_TYPE = YES_ERROR;
				GCC_WARN_UNDECLARED_SELECTOR = YES;
				GCC_WARN_UNINITIALIZED_AUTOS = YES_AGGRESSIVE;
				GCC_WARN_UNUSED_FUNCTION = YES;
				GCC_WARN_UNUSED_VARIABLE = YES;
				IPHONEOS_DEPLOYMENT_TARGET = 16.4;
				MTL_ENABLE_DEBUG_INFO = INCLUDE_SOURCE;
				MTL_FAST_MATH = YES;
				ONLY_ACTIVE_ARCH = YES;
				SDKROOT = iphoneos;
				SWIFT_ACTIVE_COMPILATION_CONDITIONS = DEBUG;
				SWIFT_OPTIMIZATION_LEVEL = "-Onone";
			};
			name = Debug;
		};
		0CB977642AB0CBC30089BB88 /* Release */ = {
			isa = XCBuildConfiguration;
			buildSettings = {
				ALWAYS_SEARCH_USER_PATHS = NO;
				CLANG_ANALYZER_NONNULL = YES;
				CLANG_ANALYZER_NUMBER_OBJECT_CONVERSION = YES_AGGRESSIVE;
				CLANG_CXX_LANGUAGE_STANDARD = "gnu++20";
				CLANG_ENABLE_MODULES = YES;
				CLANG_ENABLE_OBJC_ARC = YES;
				CLANG_ENABLE_OBJC_WEAK = YES;
				CLANG_WARN_BLOCK_CAPTURE_AUTORELEASING = YES;
				CLANG_WARN_BOOL_CONVERSION = YES;
				CLANG_WARN_COMMA = YES;
				CLANG_WARN_CONSTANT_CONVERSION = YES;
				CLANG_WARN_DEPRECATED_OBJC_IMPLEMENTATIONS = YES;
				CLANG_WARN_DIRECT_OBJC_ISA_USAGE = YES_ERROR;
				CLANG_WARN_DOCUMENTATION_COMMENTS = YES;
				CLANG_WARN_EMPTY_BODY = YES;
				CLANG_WARN_ENUM_CONVERSION = YES;
				CLANG_WARN_INFINITE_RECURSION = YES;
				CLANG_WARN_INT_CONVERSION = YES;
				CLANG_WARN_NON_LITERAL_NULL_CONVERSION = YES;
				CLANG_WARN_OBJC_IMPLICIT_RETAIN_SELF = YES;
				CLANG_WARN_OBJC_LITERAL_CONVERSION = YES;
				CLANG_WARN_OBJC_ROOT_CLASS = YES_ERROR;
				CLANG_WARN_QUOTED_INCLUDE_IN_FRAMEWORK_HEADER = YES;
				CLANG_WARN_RANGE_LOOP_ANALYSIS = YES;
				CLANG_WARN_STRICT_PROTOTYPES = YES;
				CLANG_WARN_SUSPICIOUS_MOVE = YES;
				CLANG_WARN_UNGUARDED_AVAILABILITY = YES_AGGRESSIVE;
				CLANG_WARN_UNREACHABLE_CODE = YES;
				CLANG_WARN__DUPLICATE_METHOD_MATCH = YES;
				COPY_PHASE_STRIP = NO;
				DEBUG_INFORMATION_FORMAT = "dwarf-with-dsym";
				ENABLE_NS_ASSERTIONS = NO;
				ENABLE_STRICT_OBJC_MSGSEND = YES;
				GCC_C_LANGUAGE_STANDARD = gnu11;
				GCC_NO_COMMON_BLOCKS = YES;
				GCC_WARN_64_TO_32_BIT_CONVERSION = YES;
				GCC_WARN_ABOUT_RETURN_TYPE = YES_ERROR;
				GCC_WARN_UNDECLARED_SELECTOR = YES;
				GCC_WARN_UNINITIALIZED_AUTOS = YES_AGGRESSIVE;
				GCC_WARN_UNUSED_FUNCTION = YES;
				GCC_WARN_UNUSED_VARIABLE = YES;
				IPHONEOS_DEPLOYMENT_TARGET = 16.4;
				MTL_ENABLE_DEBUG_INFO = NO;
				MTL_FAST_MATH = YES;
				SDKROOT = iphoneos;
				SWIFT_COMPILATION_MODE = wholemodule;
				SWIFT_OPTIMIZATION_LEVEL = "-O";
				VALIDATE_PRODUCT = YES;
			};
			name = Release;
		};
		0CB977662AB0CBC30089BB88 /* Debug */ = {
			isa = XCBuildConfiguration;
			buildSettings = {
				ASSETCATALOG_COMPILER_APPICON_NAME = AppIcon;
				ASSETCATALOG_COMPILER_GLOBAL_ACCENT_COLOR_NAME = AccentColor;
				CODE_SIGN_STYLE = Automatic;
				CURRENT_PROJECT_VERSION = 1;
				DEVELOPMENT_TEAM = 7935AUGAK5;
				GENERATE_INFOPLIST_FILE = YES;
				INFOPLIST_FILE = designWork1/Info.plist;
				INFOPLIST_KEY_UIApplicationSupportsIndirectInputEvents = YES;
				INFOPLIST_KEY_UILaunchStoryboardName = LaunchScreen;
				INFOPLIST_KEY_UIMainStoryboardFile = Main;
				INFOPLIST_KEY_UISupportedInterfaceOrientations_iPad = "UIInterfaceOrientationPortrait UIInterfaceOrientationPortraitUpsideDown UIInterfaceOrientationLandscapeLeft UIInterfaceOrientationLandscapeRight";
				INFOPLIST_KEY_UISupportedInterfaceOrientations_iPhone = "UIInterfaceOrientationPortrait UIInterfaceOrientationLandscapeLeft UIInterfaceOrientationLandscapeRight";
				LD_RUNPATH_SEARCH_PATHS = (
					"$(inherited)",
					"@executable_path/Frameworks",
				);
				MARKETING_VERSION = 1.0;
				PRODUCT_BUNDLE_IDENTIFIER = NomadOS.designWork1;
				PRODUCT_NAME = "$(TARGET_NAME)";
				SWIFT_EMIT_LOC_STRINGS = YES;
				SWIFT_VERSION = 5.0;
				TARGETED_DEVICE_FAMILY = "1,2";
			};
			name = Debug;
		};
		0CB977672AB0CBC30089BB88 /* Release */ = {
			isa = XCBuildConfiguration;
			buildSettings = {
				ASSETCATALOG_COMPILER_APPICON_NAME = AppIcon;
				ASSETCATALOG_COMPILER_GLOBAL_ACCENT_COLOR_NAME = AccentColor;
				CODE_SIGN_STYLE = Automatic;
				CURRENT_PROJECT_VERSION = 1;
				DEVELOPMENT_TEAM = 7935AUGAK5;
				GENERATE_INFOPLIST_FILE = YES;
				INFOPLIST_FILE = designWork1/Info.plist;
				INFOPLIST_KEY_UIApplicationSupportsIndirectInputEvents = YES;
				INFOPLIST_KEY_UILaunchStoryboardName = LaunchScreen;
				INFOPLIST_KEY_UIMainStoryboardFile = Main;
				INFOPLIST_KEY_UISupportedInterfaceOrientations_iPad = "UIInterfaceOrientationPortrait UIInterfaceOrientationPortraitUpsideDown UIInterfaceOrientationLandscapeLeft UIInterfaceOrientationLandscapeRight";
				INFOPLIST_KEY_UISupportedInterfaceOrientations_iPhone = "UIInterfaceOrientationPortrait UIInterfaceOrientationLandscapeLeft UIInterfaceOrientationLandscapeRight";
				LD_RUNPATH_SEARCH_PATHS = (
					"$(inherited)",
					"@executable_path/Frameworks",
				);
				MARKETING_VERSION = 1.0;
				PRODUCT_BUNDLE_IDENTIFIER = NomadOS.designWork1;
				PRODUCT_NAME = "$(TARGET_NAME)";
				SWIFT_EMIT_LOC_STRINGS = YES;
				SWIFT_VERSION = 5.0;
				TARGETED_DEVICE_FAMILY = "1,2";
			};
			name = Release;
		};
		0CB977692AB0CBC30089BB88 /* Debug */ = {
			isa = XCBuildConfiguration;
			buildSettings = {
				ALWAYS_EMBED_SWIFT_STANDARD_LIBRARIES = YES;
				BUNDLE_LOADER = "$(TEST_HOST)";
				CODE_SIGN_STYLE = Automatic;
				CURRENT_PROJECT_VERSION = 1;
				DEVELOPMENT_TEAM = 7935AUGAK5;
				GENERATE_INFOPLIST_FILE = YES;
				IPHONEOS_DEPLOYMENT_TARGET = 16.4;
				MARKETING_VERSION = 1.0;
				PRODUCT_BUNDLE_IDENTIFIER = NomadOS.designWork1Tests;
				PRODUCT_NAME = "$(TARGET_NAME)";
				SWIFT_EMIT_LOC_STRINGS = NO;
				SWIFT_VERSION = 5.0;
				TARGETED_DEVICE_FAMILY = "1,2";
				TEST_HOST = "$(BUILT_PRODUCTS_DIR)/designWork1.app/$(BUNDLE_EXECUTABLE_FOLDER_PATH)/designWork1";
			};
			name = Debug;
		};
		0CB9776A2AB0CBC30089BB88 /* Release */ = {
			isa = XCBuildConfiguration;
			buildSettings = {
				ALWAYS_EMBED_SWIFT_STANDARD_LIBRARIES = YES;
				BUNDLE_LOADER = "$(TEST_HOST)";
				CODE_SIGN_STYLE = Automatic;
				CURRENT_PROJECT_VERSION = 1;
				DEVELOPMENT_TEAM = 7935AUGAK5;
				GENERATE_INFOPLIST_FILE = YES;
				IPHONEOS_DEPLOYMENT_TARGET = 16.4;
				MARKETING_VERSION = 1.0;
				PRODUCT_BUNDLE_IDENTIFIER = NomadOS.designWork1Tests;
				PRODUCT_NAME = "$(TARGET_NAME)";
				SWIFT_EMIT_LOC_STRINGS = NO;
				SWIFT_VERSION = 5.0;
				TARGETED_DEVICE_FAMILY = "1,2";
				TEST_HOST = "$(BUILT_PRODUCTS_DIR)/designWork1.app/$(BUNDLE_EXECUTABLE_FOLDER_PATH)/designWork1";
			};
			name = Release;
		};
		0CB9776C2AB0CBC30089BB88 /* Debug */ = {
			isa = XCBuildConfiguration;
			buildSettings = {
				ALWAYS_EMBED_SWIFT_STANDARD_LIBRARIES = YES;
				CODE_SIGN_STYLE = Automatic;
				CURRENT_PROJECT_VERSION = 1;
				DEVELOPMENT_TEAM = 7935AUGAK5;
				GENERATE_INFOPLIST_FILE = YES;
				MARKETING_VERSION = 1.0;
				PRODUCT_BUNDLE_IDENTIFIER = NomadOS.designWork1UITests;
				PRODUCT_NAME = "$(TARGET_NAME)";
				SWIFT_EMIT_LOC_STRINGS = NO;
				SWIFT_VERSION = 5.0;
				TARGETED_DEVICE_FAMILY = "1,2";
				TEST_TARGET_NAME = designWork1;
			};
			name = Debug;
		};
		0CB9776D2AB0CBC30089BB88 /* Release */ = {
			isa = XCBuildConfiguration;
			buildSettings = {
				ALWAYS_EMBED_SWIFT_STANDARD_LIBRARIES = YES;
				CODE_SIGN_STYLE = Automatic;
				CURRENT_PROJECT_VERSION = 1;
				DEVELOPMENT_TEAM = 7935AUGAK5;
				GENERATE_INFOPLIST_FILE = YES;
				MARKETING_VERSION = 1.0;
				PRODUCT_BUNDLE_IDENTIFIER = NomadOS.designWork1UITests;
				PRODUCT_NAME = "$(TARGET_NAME)";
				SWIFT_EMIT_LOC_STRINGS = NO;
				SWIFT_VERSION = 5.0;
				TARGETED_DEVICE_FAMILY = "1,2";
				TEST_TARGET_NAME = designWork1;
			};
			name = Release;
		};
/* End XCBuildConfiguration section */

/* Begin XCConfigurationList section */
		0CB977362AB0CBC00089BB88 /* Build configuration list for PBXProject "designWork1" */ = {
			isa = XCConfigurationList;
			buildConfigurations = (
				0CB977632AB0CBC30089BB88 /* Debug */,
				0CB977642AB0CBC30089BB88 /* Release */,
			);
			defaultConfigurationIsVisible = 0;
			defaultConfigurationName = Release;
		};
		0CB977652AB0CBC30089BB88 /* Build configuration list for PBXNativeTarget "designWork1" */ = {
			isa = XCConfigurationList;
			buildConfigurations = (
				0CB977662AB0CBC30089BB88 /* Debug */,
				0CB977672AB0CBC30089BB88 /* Release */,
			);
			defaultConfigurationIsVisible = 0;
			defaultConfigurationName = Release;
		};
		0CB977682AB0CBC30089BB88 /* Build configuration list for PBXNativeTarget "designWork1Tests" */ = {
			isa = XCConfigurationList;
			buildConfigurations = (
				0CB977692AB0CBC30089BB88 /* Debug */,
				0CB9776A2AB0CBC30089BB88 /* Release */,
			);
			defaultConfigurationIsVisible = 0;
			defaultConfigurationName = Release;
		};
		0CB9776B2AB0CBC30089BB88 /* Build configuration list for PBXNativeTarget "designWork1UITests" */ = {
			isa = XCConfigurationList;
			buildConfigurations = (
				0CB9776C2AB0CBC30089BB88 /* Debug */,
				0CB9776D2AB0CBC30089BB88 /* Release */,
			);
			defaultConfigurationIsVisible = 0;
			defaultConfigurationName = Release;
		};
/* End XCConfigurationList section */
	};
	rootObject = 0CB977332AB0CBC00089BB88 /* Project object */;
}
