// !$*UTF8*$!
{
	archiveVersion = 1;
	classes = {
	};
	objectVersion = 56;
	objects = {

/* Begin PBXBuildFile section */
		0C7D779B2ACF2C3900A4F634 /* AppDelegate.swift in Sources */ = {isa = PBXBuildFile; fileRef = 0C7D779A2ACF2C3900A4F634 /* AppDelegate.swift */; };
		0C7D779D2ACF2C3900A4F634 /* SceneDelegate.swift in Sources */ = {isa = PBXBuildFile; fileRef = 0C7D779C2ACF2C3900A4F634 /* SceneDelegate.swift */; };
		0C7D779F2ACF2C3900A4F634 /* ViewController.swift in Sources */ = {isa = PBXBuildFile; fileRef = 0C7D779E2ACF2C3900A4F634 /* ViewController.swift */; };
		0C7D77A22ACF2C3900A4F634 /* Main.storyboard in Resources */ = {isa = PBXBuildFile; fileRef = 0C7D77A02ACF2C3900A4F634 /* Main.storyboard */; };
		0C7D77A42ACF2C3A00A4F634 /* Assets.xcassets in Resources */ = {isa = PBXBuildFile; fileRef = 0C7D77A32ACF2C3A00A4F634 /* Assets.xcassets */; };
		0C7D77A72ACF2C3A00A4F634 /* LaunchScreen.storyboard in Resources */ = {isa = PBXBuildFile; fileRef = 0C7D77A52ACF2C3A00A4F634 /* LaunchScreen.storyboard */; };
		0C7D77B22ACF2C3A00A4F634 /* bildirimkullanimiTests.swift in Sources */ = {isa = PBXBuildFile; fileRef = 0C7D77B12ACF2C3A00A4F634 /* bildirimkullanimiTests.swift */; };
		0C7D77BC2ACF2C3A00A4F634 /* bildirimkullanimiUITests.swift in Sources */ = {isa = PBXBuildFile; fileRef = 0C7D77BB2ACF2C3A00A4F634 /* bildirimkullanimiUITests.swift */; };
		0C7D77BE2ACF2C3A00A4F634 /* bildirimkullanimiUITestsLaunchTests.swift in Sources */ = {isa = PBXBuildFile; fileRef = 0C7D77BD2ACF2C3A00A4F634 /* bildirimkullanimiUITestsLaunchTests.swift */; };
/* End PBXBuildFile section */

/* Begin PBXContainerItemProxy section */
		0C7D77AE2ACF2C3A00A4F634 /* PBXContainerItemProxy */ = {
			isa = PBXContainerItemProxy;
			containerPortal = 0C7D778F2ACF2C3900A4F634 /* Project object */;
			proxyType = 1;
			remoteGlobalIDString = 0C7D77962ACF2C3900A4F634;
			remoteInfo = bildirimkullanimi;
		};
		0C7D77B82ACF2C3A00A4F634 /* PBXContainerItemProxy */ = {
			isa = PBXContainerItemProxy;
			containerPortal = 0C7D778F2ACF2C3900A4F634 /* Project object */;
			proxyType = 1;
			remoteGlobalIDString = 0C7D77962ACF2C3900A4F634;
			remoteInfo = bildirimkullanimi;
		};
/* End PBXContainerItemProxy section */

/* Begin PBXFileReference section */
		0C7D77972ACF2C3900A4F634 /* bildirimkullanimi.app */ = {isa = PBXFileReference; explicitFileType = wrapper.application; includeInIndex = 0; path = bildirimkullanimi.app; sourceTree = BUILT_PRODUCTS_DIR; };
		0C7D779A2ACF2C3900A4F634 /* AppDelegate.swift */ = {isa = PBXFileReference; lastKnownFileType = sourcecode.swift; path = AppDelegate.swift; sourceTree = "<group>"; };
		0C7D779C2ACF2C3900A4F634 /* SceneDelegate.swift */ = {isa = PBXFileReference; lastKnownFileType = sourcecode.swift; path = SceneDelegate.swift; sourceTree = "<group>"; };
		0C7D779E2ACF2C3900A4F634 /* ViewController.swift */ = {isa = PBXFileReference; lastKnownFileType = sourcecode.swift; path = ViewController.swift; sourceTree = "<group>"; };
		0C7D77A12ACF2C3900A4F634 /* Base */ = {isa = PBXFileReference; lastKnownFileType = file.storyboard; name = Base; path = Base.lproj/Main.storyboard; sourceTree = "<group>"; };
		0C7D77A32ACF2C3A00A4F634 /* Assets.xcassets */ = {isa = PBXFileReference; lastKnownFileType = folder.assetcatalog; path = Assets.xcassets; sourceTree = "<group>"; };
		0C7D77A62ACF2C3A00A4F634 /* Base */ = {isa = PBXFileReference; lastKnownFileType = file.storyboard; name = Base; path = Base.lproj/LaunchScreen.storyboard; sourceTree = "<group>"; };
		0C7D77A82ACF2C3A00A4F634 /* Info.plist */ = {isa = PBXFileReference; lastKnownFileType = text.plist.xml; path = Info.plist; sourceTree = "<group>"; };
		0C7D77AD2ACF2C3A00A4F634 /* bildirimkullanimiTests.xctest */ = {isa = PBXFileReference; explicitFileType = wrapper.cfbundle; includeInIndex = 0; path = bildirimkullanimiTests.xctest; sourceTree = BUILT_PRODUCTS_DIR; };
		0C7D77B12ACF2C3A00A4F634 /* bildirimkullanimiTests.swift */ = {isa = PBXFileReference; lastKnownFileType = sourcecode.swift; path = bildirimkullanimiTests.swift; sourceTree = "<group>"; };
		0C7D77B72ACF2C3A00A4F634 /* bildirimkullanimiUITests.xctest */ = {isa = PBXFileReference; explicitFileType = wrapper.cfbundle; includeInIndex = 0; path = bildirimkullanimiUITests.xctest; sourceTree = BUILT_PRODUCTS_DIR; };
		0C7D77BB2ACF2C3A00A4F634 /* bildirimkullanimiUITests.swift */ = {isa = PBXFileReference; lastKnownFileType = sourcecode.swift; path = bildirimkullanimiUITests.swift; sourceTree = "<group>"; };
		0C7D77BD2ACF2C3A00A4F634 /* bildirimkullanimiUITestsLaunchTests.swift */ = {isa = PBXFileReference; lastKnownFileType = sourcecode.swift; path = bildirimkullanimiUITestsLaunchTests.swift; sourceTree = "<group>"; };
/* End PBXFileReference section */

/* Begin PBXFrameworksBuildPhase section */
		0C7D77942ACF2C3900A4F634 /* Frameworks */ = {
			isa = PBXFrameworksBuildPhase;
			buildActionMask = 2147483647;
			files = (
			);
			runOnlyForDeploymentPostprocessing = 0;
		};
		0C7D77AA2ACF2C3A00A4F634 /* Frameworks */ = {
			isa = PBXFrameworksBuildPhase;
			buildActionMask = 2147483647;
			files = (
			);
			runOnlyForDeploymentPostprocessing = 0;
		};
		0C7D77B42ACF2C3A00A4F634 /* Frameworks */ = {
			isa = PBXFrameworksBuildPhase;
			buildActionMask = 2147483647;
			files = (
			);
			runOnlyForDeploymentPostprocessing = 0;
		};
/* End PBXFrameworksBuildPhase section */

/* Begin PBXGroup section */
		0C7D778E2ACF2C3900A4F634 = {
			isa = PBXGroup;
			children = (
				0C7D77992ACF2C3900A4F634 /* bildirimkullanimi */,
				0C7D77B02ACF2C3A00A4F634 /* bildirimkullanimiTests */,
				0C7D77BA2ACF2C3A00A4F634 /* bildirimkullanimiUITests */,
				0C7D77982ACF2C3900A4F634 /* Products */,
			);
			sourceTree = "<group>";
		};
		0C7D77982ACF2C3900A4F634 /* Products */ = {
			isa = PBXGroup;
			children = (
				0C7D77972ACF2C3900A4F634 /* bildirimkullanimi.app */,
				0C7D77AD2ACF2C3A00A4F634 /* bildirimkullanimiTests.xctest */,
				0C7D77B72ACF2C3A00A4F634 /* bildirimkullanimiUITests.xctest */,
			);
			name = Products;
			sourceTree = "<group>";
		};
		0C7D77992ACF2C3900A4F634 /* bildirimkullanimi */ = {
			isa = PBXGroup;
			children = (
				0C7D779A2ACF2C3900A4F634 /* AppDelegate.swift */,
				0C7D779C2ACF2C3900A4F634 /* SceneDelegate.swift */,
				0C7D779E2ACF2C3900A4F634 /* ViewController.swift */,
				0C7D77A02ACF2C3900A4F634 /* Main.storyboard */,
				0C7D77A32ACF2C3A00A4F634 /* Assets.xcassets */,
				0C7D77A52ACF2C3A00A4F634 /* LaunchScreen.storyboard */,
				0C7D77A82ACF2C3A00A4F634 /* Info.plist */,
			);
			path = bildirimkullanimi;
			sourceTree = "<group>";
		};
		0C7D77B02ACF2C3A00A4F634 /* bildirimkullanimiTests */ = {
			isa = PBXGroup;
			children = (
				0C7D77B12ACF2C3A00A4F634 /* bildirimkullanimiTests.swift */,
			);
			path = bildirimkullanimiTests;
			sourceTree = "<group>";
		};
		0C7D77BA2ACF2C3A00A4F634 /* bildirimkullanimiUITests */ = {
			isa = PBXGroup;
			children = (
				0C7D77BB2ACF2C3A00A4F634 /* bildirimkullanimiUITests.swift */,
				0C7D77BD2ACF2C3A00A4F634 /* bildirimkullanimiUITestsLaunchTests.swift */,
			);
			path = bildirimkullanimiUITests;
			sourceTree = "<group>";
		};
/* End PBXGroup section */

/* Begin PBXNativeTarget section */
		0C7D77962ACF2C3900A4F634 /* bildirimkullanimi */ = {
			isa = PBXNativeTarget;
			buildConfigurationList = 0C7D77C12ACF2C3A00A4F634 /* Build configuration list for PBXNativeTarget "bildirimkullanimi" */;
			buildPhases = (
				0C7D77932ACF2C3900A4F634 /* Sources */,
				0C7D77942ACF2C3900A4F634 /* Frameworks */,
				0C7D77952ACF2C3900A4F634 /* Resources */,
			);
			buildRules = (
			);
			dependencies = (
			);
			name = bildirimkullanimi;
			productName = bildirimkullanimi;
			productReference = 0C7D77972ACF2C3900A4F634 /* bildirimkullanimi.app */;
			productType = "com.apple.product-type.application";
		};
		0C7D77AC2ACF2C3A00A4F634 /* bildirimkullanimiTests */ = {
			isa = PBXNativeTarget;
			buildConfigurationList = 0C7D77C42ACF2C3A00A4F634 /* Build configuration list for PBXNativeTarget "bildirimkullanimiTests" */;
			buildPhases = (
				0C7D77A92ACF2C3A00A4F634 /* Sources */,
				0C7D77AA2ACF2C3A00A4F634 /* Frameworks */,
				0C7D77AB2ACF2C3A00A4F634 /* Resources */,
			);
			buildRules = (
			);
			dependencies = (
				0C7D77AF2ACF2C3A00A4F634 /* PBXTargetDependency */,
			);
			name = bildirimkullanimiTests;
			productName = bildirimkullanimiTests;
			productReference = 0C7D77AD2ACF2C3A00A4F634 /* bildirimkullanimiTests.xctest */;
			productType = "com.apple.product-type.bundle.unit-test";
		};
		0C7D77B62ACF2C3A00A4F634 /* bildirimkullanimiUITests */ = {
			isa = PBXNativeTarget;
			buildConfigurationList = 0C7D77C72ACF2C3A00A4F634 /* Build configuration list for PBXNativeTarget "bildirimkullanimiUITests" */;
			buildPhases = (
				0C7D77B32ACF2C3A00A4F634 /* Sources */,
				0C7D77B42ACF2C3A00A4F634 /* Frameworks */,
				0C7D77B52ACF2C3A00A4F634 /* Resources */,
			);
			buildRules = (
			);
			dependencies = (
				0C7D77B92ACF2C3A00A4F634 /* PBXTargetDependency */,
			);
			name = bildirimkullanimiUITests;
			productName = bildirimkullanimiUITests;
			productReference = 0C7D77B72ACF2C3A00A4F634 /* bildirimkullanimiUITests.xctest */;
			productType = "com.apple.product-type.bundle.ui-testing";
		};
/* End PBXNativeTarget section */

/* Begin PBXProject section */
		0C7D778F2ACF2C3900A4F634 /* Project object */ = {
			isa = PBXProject;
			attributes = {
				BuildIndependentTargetsInParallel = 1;
				LastSwiftUpdateCheck = 1500;
				LastUpgradeCheck = 1500;
				TargetAttributes = {
					0C7D77962ACF2C3900A4F634 = {
						CreatedOnToolsVersion = 15.0;
					};
					0C7D77AC2ACF2C3A00A4F634 = {
						CreatedOnToolsVersion = 15.0;
						TestTargetID = 0C7D77962ACF2C3900A4F634;
					};
					0C7D77B62ACF2C3A00A4F634 = {
						CreatedOnToolsVersion = 15.0;
						TestTargetID = 0C7D77962ACF2C3900A4F634;
					};
				};
			};
			buildConfigurationList = 0C7D77922ACF2C3900A4F634 /* Build configuration list for PBXProject "bildirimkullanimi" */;
			compatibilityVersion = "Xcode 14.0";
			developmentRegion = en;
			hasScannedForEncodings = 0;
			knownRegions = (
				en,
				Base,
			);
			mainGroup = 0C7D778E2ACF2C3900A4F634;
			productRefGroup = 0C7D77982ACF2C3900A4F634 /* Products */;
			projectDirPath = "";
			projectRoot = "";
			targets = (
				0C7D77962ACF2C3900A4F634 /* bildirimkullanimi */,
				0C7D77AC2ACF2C3A00A4F634 /* bildirimkullanimiTests */,
				0C7D77B62ACF2C3A00A4F634 /* bildirimkullanimiUITests */,
			);
		};
/* End PBXProject section */

/* Begin PBXResourcesBuildPhase section */
		0C7D77952ACF2C3900A4F634 /* Resources */ = {
			isa = PBXResourcesBuildPhase;
			buildActionMask = 2147483647;
			files = (
				0C7D77A72ACF2C3A00A4F634 /* LaunchScreen.storyboard in Resources */,
				0C7D77A42ACF2C3A00A4F634 /* Assets.xcassets in Resources */,
				0C7D77A22ACF2C3900A4F634 /* Main.storyboard in Resources */,
			);
			runOnlyForDeploymentPostprocessing = 0;
		};
		0C7D77AB2ACF2C3A00A4F634 /* Resources */ = {
			isa = PBXResourcesBuildPhase;
			buildActionMask = 2147483647;
			files = (
			);
			runOnlyForDeploymentPostprocessing = 0;
		};
		0C7D77B52ACF2C3A00A4F634 /* Resources */ = {
			isa = PBXResourcesBuildPhase;
			buildActionMask = 2147483647;
			files = (
			);
			runOnlyForDeploymentPostprocessing = 0;
		};
/* End PBXResourcesBuildPhase section */

/* Begin PBXSourcesBuildPhase section */
		0C7D77932ACF2C3900A4F634 /* Sources */ = {
			isa = PBXSourcesBuildPhase;
			buildActionMask = 2147483647;
			files = (
				0C7D779F2ACF2C3900A4F634 /* ViewController.swift in Sources */,
				0C7D779B2ACF2C3900A4F634 /* AppDelegate.swift in Sources */,
				0C7D779D2ACF2C3900A4F634 /* SceneDelegate.swift in Sources */,
			);
			runOnlyForDeploymentPostprocessing = 0;
		};
		0C7D77A92ACF2C3A00A4F634 /* Sources */ = {
			isa = PBXSourcesBuildPhase;
			buildActionMask = 2147483647;
			files = (
				0C7D77B22ACF2C3A00A4F634 /* bildirimkullanimiTests.swift in Sources */,
			);
			runOnlyForDeploymentPostprocessing = 0;
		};
		0C7D77B32ACF2C3A00A4F634 /* Sources */ = {
			isa = PBXSourcesBuildPhase;
			buildActionMask = 2147483647;
			files = (
				0C7D77BC2ACF2C3A00A4F634 /* bildirimkullanimiUITests.swift in Sources */,
				0C7D77BE2ACF2C3A00A4F634 /* bildirimkullanimiUITestsLaunchTests.swift in Sources */,
			);
			runOnlyForDeploymentPostprocessing = 0;
		};
/* End PBXSourcesBuildPhase section */

/* Begin PBXTargetDependency section */
		0C7D77AF2ACF2C3A00A4F634 /* PBXTargetDependency */ = {
			isa = PBXTargetDependency;
			target = 0C7D77962ACF2C3900A4F634 /* bildirimkullanimi */;
			targetProxy = 0C7D77AE2ACF2C3A00A4F634 /* PBXContainerItemProxy */;
		};
		0C7D77B92ACF2C3A00A4F634 /* PBXTargetDependency */ = {
			isa = PBXTargetDependency;
			target = 0C7D77962ACF2C3900A4F634 /* bildirimkullanimi */;
			targetProxy = 0C7D77B82ACF2C3A00A4F634 /* PBXContainerItemProxy */;
		};
/* End PBXTargetDependency section */

/* Begin PBXVariantGroup section */
		0C7D77A02ACF2C3900A4F634 /* Main.storyboard */ = {
			isa = PBXVariantGroup;
			children = (
				0C7D77A12ACF2C3900A4F634 /* Base */,
			);
			name = Main.storyboard;
			sourceTree = "<group>";
		};
		0C7D77A52ACF2C3A00A4F634 /* LaunchScreen.storyboard */ = {
			isa = PBXVariantGroup;
			children = (
				0C7D77A62ACF2C3A00A4F634 /* Base */,
			);
			name = LaunchScreen.storyboard;
			sourceTree = "<group>";
		};
/* End PBXVariantGroup section */

/* Begin XCBuildConfiguration section */
		0C7D77BF2ACF2C3A00A4F634 /* Debug */ = {
			isa = XCBuildConfiguration;
			buildSettings = {
				ALWAYS_SEARCH_USER_PATHS = NO;
				ASSETCATALOG_COMPILER_GENERATE_SWIFT_ASSET_SYMBOL_EXTENSIONS = YES;
				CLANG_ANALYZER_NONNULL = YES;
				CLANG_ANALYZER_NUMBER_OBJECT_CONVERSION = YES_AGGRESSIVE;
				CLANG_CXX_LANGUAGE_STANDARD = "gnu++20";
				CLANG_ENABLE_MODULES = YES;
				CLANG_ENABLE_OBJC_ARC = YES;
				CLANG_ENABLE_OBJC_WEAK = YES;
				CLANG_WARN_BLOCK_CAPTURE_AUTORELEASING = YES;
				CLANG_WARN_BOOL_CONVERSION = YES;
				CLANG_WARN_COMMA = YES;
				CLANG_WARN_CONSTANT_CONVERSION = YES;
				CLANG_WARN_DEPRECATED_OBJC_IMPLEMENTATIONS = YES;
				CLANG_WARN_DIRECT_OBJC_ISA_USAGE = YES_ERROR;
				CLANG_WARN_DOCUMENTATION_COMMENTS = YES;
				CLANG_WARN_EMPTY_BODY = YES;
				CLANG_WARN_ENUM_CONVERSION = YES;
				CLANG_WARN_INFINITE_RECURSION = YES;
				CLANG_WARN_INT_CONVERSION = YES;
				CLANG_WARN_NON_LITERAL_NULL_CONVERSION = YES;
				CLANG_WARN_OBJC_IMPLICIT_RETAIN_SELF = YES;
				CLANG_WARN_OBJC_LITERAL_CONVERSION = YES;
				CLANG_WARN_OBJC_ROOT_CLASS = YES_ERROR;
				CLANG_WARN_QUOTED_INCLUDE_IN_FRAMEWORK_HEADER = YES;
				CLANG_WARN_RANGE_LOOP_ANALYSIS = YES;
				CLANG_WARN_STRICT_PROTOTYPES = YES;
				CLANG_WARN_SUSPICIOUS_MOVE = YES;
				CLANG_WARN_UNGUARDED_AVAILABILITY = YES_AGGRESSIVE;
				CLANG_WARN_UNREACHABLE_CODE = YES;
				CLANG_WARN__DUPLICATE_METHOD_MATCH = YES;
				COPY_PHASE_STRIP = NO;
				DEBUG_INFORMATION_FORMAT = dwarf;
				ENABLE_STRICT_OBJC_MSGSEND = YES;
				ENABLE_TESTABILITY = YES;
				ENABLE_USER_SCRIPT_SANDBOXING = YES;
				GCC_C_LANGUAGE_STANDARD = gnu17;
				GCC_DYNAMIC_NO_PIC = NO;
				GCC_NO_COMMON_BLOCKS = YES;
				GCC_OPTIMIZATION_LEVEL = 0;
				GCC_PREPROCESSOR_DEFINITIONS = (
					"DEBUG=1",
					"$(inherited)",
				);
				GCC_WARN_64_TO_32_BIT_CONVERSION = YES;
				GCC_WARN_ABOUT_RETURN_TYPE = YES_ERROR;
				GCC_WARN_UNDECLARED_SELECTOR = YES;
				GCC_WARN_UNINITIALIZED_AUTOS = YES_AGGRESSIVE;
				GCC_WARN_UNUSED_FUNCTION = YES;
				GCC_WARN_UNUSED_VARIABLE = YES;
				IPHONEOS_DEPLOYMENT_TARGET = 17.0;
				LOCALIZATION_PREFERS_STRING_CATALOGS = YES;
				MTL_ENABLE_DEBUG_INFO = INCLUDE_SOURCE;
				MTL_FAST_MATH = YES;
				ONLY_ACTIVE_ARCH = YES;
				SDKROOT = iphoneos;
				SWIFT_ACTIVE_COMPILATION_CONDITIONS = "DEBUG $(inherited)";
				SWIFT_OPTIMIZATION_LEVEL = "-Onone";
			};
			name = Debug;
		};
		0C7D77C02ACF2C3A00A4F634 /* Release */ = {
			isa = XCBuildConfiguration;
			buildSettings = {
				ALWAYS_SEARCH_USER_PATHS = NO;
				ASSETCATALOG_COMPILER_GENERATE_SWIFT_ASSET_SYMBOL_EXTENSIONS = YES;
				CLANG_ANALYZER_NONNULL = YES;
				CLANG_ANALYZER_NUMBER_OBJECT_CONVERSION = YES_AGGRESSIVE;
				CLANG_CXX_LANGUAGE_STANDARD = "gnu++20";
				CLANG_ENABLE_MODULES = YES;
				CLANG_ENABLE_OBJC_ARC = YES;
				CLANG_ENABLE_OBJC_WEAK = YES;
				CLANG_WARN_BLOCK_CAPTURE_AUTORELEASING = YES;
				CLANG_WARN_BOOL_CONVERSION = YES;
				CLANG_WARN_COMMA = YES;
				CLANG_WARN_CONSTANT_CONVERSION = YES;
				CLANG_WARN_DEPRECATED_OBJC_IMPLEMENTATIONS = YES;
				CLANG_WARN_DIRECT_OBJC_ISA_USAGE = YES_ERROR;
				CLANG_WARN_DOCUMENTATION_COMMENTS = YES;
				CLANG_WARN_EMPTY_BODY = YES;
				CLANG_WARN_ENUM_CONVERSION = YES;
				CLANG_WARN_INFINITE_RECURSION = YES;
				CLANG_WARN_INT_CONVERSION = YES;
				CLANG_WARN_NON_LITERAL_NULL_CONVERSION = YES;
				CLANG_WARN_OBJC_IMPLICIT_RETAIN_SELF = YES;
				CLANG_WARN_OBJC_LITERAL_CONVERSION = YES;
				CLANG_WARN_OBJC_ROOT_CLASS = YES_ERROR;
				CLANG_WARN_QUOTED_INCLUDE_IN_FRAMEWORK_HEADER = YES;
				CLANG_WARN_RANGE_LOOP_ANALYSIS = YES;
				CLANG_WARN_STRICT_PROTOTYPES = YES;
				CLANG_WARN_SUSPICIOUS_MOVE = YES;
				CLANG_WARN_UNGUARDED_AVAILABILITY = YES_AGGRESSIVE;
				CLANG_WARN_UNREACHABLE_CODE = YES;
				CLANG_WARN__DUPLICATE_METHOD_MATCH = YES;
				COPY_PHASE_STRIP = NO;
				DEBUG_INFORMATION_FORMAT = "dwarf-with-dsym";
				ENABLE_NS_ASSERTIONS = NO;
				ENABLE_STRICT_OBJC_MSGSEND = YES;
				ENABLE_USER_SCRIPT_SANDBOXING = YES;
				GCC_C_LANGUAGE_STANDARD = gnu17;
				GCC_NO_COMMON_BLOCKS = YES;
				GCC_WARN_64_TO_32_BIT_CONVERSION = YES;
				GCC_WARN_ABOUT_RETURN_TYPE = YES_ERROR;
				GCC_WARN_UNDECLARED_SELECTOR = YES;
				GCC_WARN_UNINITIALIZED_AUTOS = YES_AGGRESSIVE;
				GCC_WARN_UNUSED_FUNCTION = YES;
				GCC_WARN_UNUSED_VARIABLE = YES;
				IPHONEOS_DEPLOYMENT_TARGET = 17.0;
				LOCALIZATION_PREFERS_STRING_CATALOGS = YES;
				MTL_ENABLE_DEBUG_INFO = NO;
				MTL_FAST_MATH = YES;
				SDKROOT = iphoneos;
				SWIFT_COMPILATION_MODE = wholemodule;
				VALIDATE_PRODUCT = YES;
			};
			name = Release;
		};
		0C7D77C22ACF2C3A00A4F634 /* Debug */ = {
			isa = XCBuildConfiguration;
			buildSettings = {
				ASSETCATALOG_COMPILER_APPICON_NAME = AppIcon;
				ASSETCATALOG_COMPILER_GLOBAL_ACCENT_COLOR_NAME = AccentColor;
				CODE_SIGN_STYLE = Automatic;
				CURRENT_PROJECT_VERSION = 1;
				DEVELOPMENT_TEAM = 7935AUGAK5;
				GENERATE_INFOPLIST_FILE = YES;
				INFOPLIST_FILE = bildirimkullanimi/Info.plist;
				INFOPLIST_KEY_UIApplicationSupportsIndirectInputEvents = YES;
				INFOPLIST_KEY_UILaunchStoryboardName = LaunchScreen;
				INFOPLIST_KEY_UIMainStoryboardFile = Main;
				INFOPLIST_KEY_UISupportedInterfaceOrientations_iPad = "UIInterfaceOrientationPortrait UIInterfaceOrientationPortraitUpsideDown UIInterfaceOrientationLandscapeLeft UIInterfaceOrientationLandscapeRight";
				INFOPLIST_KEY_UISupportedInterfaceOrientations_iPhone = "UIInterfaceOrientationPortrait UIInterfaceOrientationLandscapeLeft UIInterfaceOrientationLandscapeRight";
				LD_RUNPATH_SEARCH_PATHS = (
					"$(inherited)",
					"@executable_path/Frameworks",
				);
				MARKETING_VERSION = 1.0;
				PRODUCT_BUNDLE_IDENTIFIER = NomadOS.bildirimkullanimi;
				PRODUCT_NAME = "$(TARGET_NAME)";
				SWIFT_EMIT_LOC_STRINGS = YES;
				SWIFT_VERSION = 5.0;
				TARGETED_DEVICE_FAMILY = "1,2";
			};
			name = Debug;
		};
		0C7D77C32ACF2C3A00A4F634 /* Release */ = {
			isa = XCBuildConfiguration;
			buildSettings = {
				ASSETCATALOG_COMPILER_APPICON_NAME = AppIcon;
				ASSETCATALOG_COMPILER_GLOBAL_ACCENT_COLOR_NAME = AccentColor;
				CODE_SIGN_STYLE = Automatic;
				CURRENT_PROJECT_VERSION = 1;
				DEVELOPMENT_TEAM = 7935AUGAK5;
				GENERATE_INFOPLIST_FILE = YES;
				INFOPLIST_FILE = bildirimkullanimi/Info.plist;
				INFOPLIST_KEY_UIApplicationSupportsIndirectInputEvents = YES;
				INFOPLIST_KEY_UILaunchStoryboardName = LaunchScreen;
				INFOPLIST_KEY_UIMainStoryboardFile = Main;
				INFOPLIST_KEY_UISupportedInterfaceOrientations_iPad = "UIInterfaceOrientationPortrait UIInterfaceOrientationPortraitUpsideDown UIInterfaceOrientationLandscapeLeft UIInterfaceOrientationLandscapeRight";
				INFOPLIST_KEY_UISupportedInterfaceOrientations_iPhone = "UIInterfaceOrientationPortrait UIInterfaceOrientationLandscapeLeft UIInterfaceOrientationLandscapeRight";
				LD_RUNPATH_SEARCH_PATHS = (
					"$(inherited)",
					"@executable_path/Frameworks",
				);
				MARKETING_VERSION = 1.0;
				PRODUCT_BUNDLE_IDENTIFIER = NomadOS.bildirimkullanimi;
				PRODUCT_NAME = "$(TARGET_NAME)";
				SWIFT_EMIT_LOC_STRINGS = YES;
				SWIFT_VERSION = 5.0;
				TARGETED_DEVICE_FAMILY = "1,2";
			};
			name = Release;
		};
		0C7D77C52ACF2C3A00A4F634 /* Debug */ = {
			isa = XCBuildConfiguration;
			buildSettings = {
				ALWAYS_EMBED_SWIFT_STANDARD_LIBRARIES = YES;
				BUNDLE_LOADER = "$(TEST_HOST)";
				CODE_SIGN_STYLE = Automatic;
				CURRENT_PROJECT_VERSION = 1;
				DEVELOPMENT_TEAM = 7935AUGAK5;
				GENERATE_INFOPLIST_FILE = YES;
				IPHONEOS_DEPLOYMENT_TARGET = 17.0;
				MARKETING_VERSION = 1.0;
				PRODUCT_BUNDLE_IDENTIFIER = NomadOS.bildirimkullanimiTests;
				PRODUCT_NAME = "$(TARGET_NAME)";
				SWIFT_EMIT_LOC_STRINGS = NO;
				SWIFT_VERSION = 5.0;
				TARGETED_DEVICE_FAMILY = "1,2";
				TEST_HOST = "$(BUILT_PRODUCTS_DIR)/bildirimkullanimi.app/$(BUNDLE_EXECUTABLE_FOLDER_PATH)/bildirimkullanimi";
			};
			name = Debug;
		};
		0C7D77C62ACF2C3A00A4F634 /* Release */ = {
			isa = XCBuildConfiguration;
			buildSettings = {
				ALWAYS_EMBED_SWIFT_STANDARD_LIBRARIES = YES;
				BUNDLE_LOADER = "$(TEST_HOST)";
				CODE_SIGN_STYLE = Automatic;
				CURRENT_PROJECT_VERSION = 1;
				DEVELOPMENT_TEAM = 7935AUGAK5;
				GENERATE_INFOPLIST_FILE = YES;
				IPHONEOS_DEPLOYMENT_TARGET = 17.0;
				MARKETING_VERSION = 1.0;
				PRODUCT_BUNDLE_IDENTIFIER = NomadOS.bildirimkullanimiTests;
				PRODUCT_NAME = "$(TARGET_NAME)";
				SWIFT_EMIT_LOC_STRINGS = NO;
				SWIFT_VERSION = 5.0;
				TARGETED_DEVICE_FAMILY = "1,2";
				TEST_HOST = "$(BUILT_PRODUCTS_DIR)/bildirimkullanimi.app/$(BUNDLE_EXECUTABLE_FOLDER_PATH)/bildirimkullanimi";
			};
			name = Release;
		};
		0C7D77C82ACF2C3A00A4F634 /* Debug */ = {
			isa = XCBuildConfiguration;
			buildSettings = {
				ALWAYS_EMBED_SWIFT_STANDARD_LIBRARIES = YES;
				CODE_SIGN_STYLE = Automatic;
				CURRENT_PROJECT_VERSION = 1;
				DEVELOPMENT_TEAM = 7935AUGAK5;
				GENERATE_INFOPLIST_FILE = YES;
				MARKETING_VERSION = 1.0;
				PRODUCT_BUNDLE_IDENTIFIER = NomadOS.bildirimkullanimiUITests;
				PRODUCT_NAME = "$(TARGET_NAME)";
				SWIFT_EMIT_LOC_STRINGS = NO;
				SWIFT_VERSION = 5.0;
				TARGETED_DEVICE_FAMILY = "1,2";
				TEST_TARGET_NAME = bildirimkullanimi;
			};
			name = Debug;
		};
		0C7D77C92ACF2C3A00A4F634 /* Release */ = {
			isa = XCBuildConfiguration;
			buildSettings = {
				ALWAYS_EMBED_SWIFT_STANDARD_LIBRARIES = YES;
				CODE_SIGN_STYLE = Automatic;
				CURRENT_PROJECT_VERSION = 1;
				DEVELOPMENT_TEAM = 7935AUGAK5;
				GENERATE_INFOPLIST_FILE = YES;
				MARKETING_VERSION = 1.0;
				PRODUCT_BUNDLE_IDENTIFIER = NomadOS.bildirimkullanimiUITests;
				PRODUCT_NAME = "$(TARGET_NAME)";
				SWIFT_EMIT_LOC_STRINGS = NO;
				SWIFT_VERSION = 5.0;
				TARGETED_DEVICE_FAMILY = "1,2";
				TEST_TARGET_NAME = bildirimkullanimi;
			};
			name = Release;
		};
/* End XCBuildConfiguration section */

/* Begin XCConfigurationList section */
		0C7D77922ACF2C3900A4F634 /* Build configuration list for PBXProject "bildirimkullanimi" */ = {
			isa = XCConfigurationList;
			buildConfigurations = (
				0C7D77BF2ACF2C3A00A4F634 /* Debug */,
				0C7D77C02ACF2C3A00A4F634 /* Release */,
			);
			defaultConfigurationIsVisible = 0;
			defaultConfigurationName = Release;
		};
		0C7D77C12ACF2C3A00A4F634 /* Build configuration list for PBXNativeTarget "bildirimkullanimi" */ = {
			isa = XCConfigurationList;
			buildConfigurations = (
				0C7D77C22ACF2C3A00A4F634 /* Debug */,
				0C7D77C32ACF2C3A00A4F634 /* Release */,
			);
			defaultConfigurationIsVisible = 0;
			defaultConfigurationName = Release;
		};
		0C7D77C42ACF2C3A00A4F634 /* Build configuration list for PBXNativeTarget "bildirimkullanimiTests" */ = {
			isa = XCConfigurationList;
			buildConfigurations = (
				0C7D77C52ACF2C3A00A4F634 /* Debug */,
				0C7D77C62ACF2C3A00A4F634 /* Release */,
			);
			defaultConfigurationIsVisible = 0;
			defaultConfigurationName = Release;
		};
		0C7D77C72ACF2C3A00A4F634 /* Build configuration list for PBXNativeTarget "bildirimkullanimiUITests" */ = {
			isa = XCConfigurationList;
			buildConfigurations = (
				0C7D77C82ACF2C3A00A4F634 /* Debug */,
				0C7D77C92ACF2C3A00A4F634 /* Release */,
			);
			defaultConfigurationIsVisible = 0;
			defaultConfigurationName = Release;
		};
/* End XCConfigurationList section */
	};
	rootObject = 0C7D778F2ACF2C3900A4F634 /* Project object */;
}
