// !$*UTF8*$!
{
	archiveVersion = 1;
	classes = {
	};
	objectVersion = 56;
	objects = {

/* Begin PBXBuildFile section */
		0C19D5692AB397C200983516 /* AppDelegate.swift in Sources */ = {isa = PBXBuildFile; fileRef = 0C19D5682AB397C200983516 /* AppDelegate.swift */; };
		0C19D56B2AB397C200983516 /* SceneDelegate.swift in Sources */ = {isa = PBXBuildFile; fileRef = 0C19D56A2AB397C200983516 /* SceneDelegate.swift */; };
		0C19D56D2AB397C200983516 /* ViewController.swift in Sources */ = {isa = PBXBuildFile; fileRef = 0C19D56C2AB397C200983516 /* ViewController.swift */; };
		0C19D5702AB397C200983516 /* Main.storyboard in Resources */ = {isa = PBXBuildFile; fileRef = 0C19D56E2AB397C200983516 /* Main.storyboard */; };
		0C19D5722AB397C300983516 /* Assets.xcassets in Resources */ = {isa = PBXBuildFile; fileRef = 0C19D5712AB397C300983516 /* Assets.xcassets */; };
		0C19D5752AB397C300983516 /* LaunchScreen.storyboard in Resources */ = {isa = PBXBuildFile; fileRef = 0C19D5732AB397C300983516 /* LaunchScreen.storyboard */; };
		0C19D5802AB397C300983516 /* LetMusicTests.swift in Sources */ = {isa = PBXBuildFile; fileRef = 0C19D57F2AB397C300983516 /* LetMusicTests.swift */; };
		0C19D58A2AB397C300983516 /* LetMusicUITests.swift in Sources */ = {isa = PBXBuildFile; fileRef = 0C19D5892AB397C300983516 /* LetMusicUITests.swift */; };
		0C19D58C2AB397C300983516 /* LetMusicUITestsLaunchTests.swift in Sources */ = {isa = PBXBuildFile; fileRef = 0C19D58B2AB397C300983516 /* LetMusicUITestsLaunchTests.swift */; };
		0CBC67B42AB62F4D00D46635 /* Audiowide-Regular.ttf in Resources */ = {isa = PBXBuildFile; fileRef = 0CBC67B32AB62F4D00D46635 /* Audiowide-Regular.ttf */; };
/* End PBXBuildFile section */

/* Begin PBXContainerItemProxy section */
		0C19D57C2AB397C300983516 /* PBXContainerItemProxy */ = {
			isa = PBXContainerItemProxy;
			containerPortal = 0C19D55D2AB397C200983516 /* Project object */;
			proxyType = 1;
			remoteGlobalIDString = 0C19D5642AB397C200983516;
			remoteInfo = LetMusic;
		};
		0C19D5862AB397C300983516 /* PBXContainerItemProxy */ = {
			isa = PBXContainerItemProxy;
			containerPortal = 0C19D55D2AB397C200983516 /* Project object */;
			proxyType = 1;
			remoteGlobalIDString = 0C19D5642AB397C200983516;
			remoteInfo = LetMusic;
		};
/* End PBXContainerItemProxy section */

/* Begin PBXFileReference section */
		0C19D5652AB397C200983516 /* LetMusic.app */ = {isa = PBXFileReference; explicitFileType = wrapper.application; includeInIndex = 0; path = LetMusic.app; sourceTree = BUILT_PRODUCTS_DIR; };
		0C19D5682AB397C200983516 /* AppDelegate.swift */ = {isa = PBXFileReference; lastKnownFileType = sourcecode.swift; path = AppDelegate.swift; sourceTree = "<group>"; };
		0C19D56A2AB397C200983516 /* SceneDelegate.swift */ = {isa = PBXFileReference; lastKnownFileType = sourcecode.swift; path = SceneDelegate.swift; sourceTree = "<group>"; };
		0C19D56C2AB397C200983516 /* ViewController.swift */ = {isa = PBXFileReference; lastKnownFileType = sourcecode.swift; path = ViewController.swift; sourceTree = "<group>"; };
		0C19D56F2AB397C200983516 /* Base */ = {isa = PBXFileReference; lastKnownFileType = file.storyboard; name = Base; path = Base.lproj/Main.storyboard; sourceTree = "<group>"; };
		0C19D5712AB397C300983516 /* Assets.xcassets */ = {isa = PBXFileReference; lastKnownFileType = folder.assetcatalog; path = Assets.xcassets; sourceTree = "<group>"; };
		0C19D5742AB397C300983516 /* Base */ = {isa = PBXFileReference; lastKnownFileType = file.storyboard; name = Base; path = Base.lproj/LaunchScreen.storyboard; sourceTree = "<group>"; };
		0C19D5762AB397C300983516 /* Info.plist */ = {isa = PBXFileReference; lastKnownFileType = text.plist.xml; path = Info.plist; sourceTree = "<group>"; };
		0C19D57B2AB397C300983516 /* LetMusicTests.xctest */ = {isa = PBXFileReference; explicitFileType = wrapper.cfbundle; includeInIndex = 0; path = LetMusicTests.xctest; sourceTree = BUILT_PRODUCTS_DIR; };
		0C19D57F2AB397C300983516 /* LetMusicTests.swift */ = {isa = PBXFileReference; lastKnownFileType = sourcecode.swift; path = LetMusicTests.swift; sourceTree = "<group>"; };
		0C19D5852AB397C300983516 /* LetMusicUITests.xctest */ = {isa = PBXFileReference; explicitFileType = wrapper.cfbundle; includeInIndex = 0; path = LetMusicUITests.xctest; sourceTree = BUILT_PRODUCTS_DIR; };
		0C19D5892AB397C300983516 /* LetMusicUITests.swift */ = {isa = PBXFileReference; lastKnownFileType = sourcecode.swift; path = LetMusicUITests.swift; sourceTree = "<group>"; };
		0C19D58B2AB397C300983516 /* LetMusicUITestsLaunchTests.swift */ = {isa = PBXFileReference; lastKnownFileType = sourcecode.swift; path = LetMusicUITestsLaunchTests.swift; sourceTree = "<group>"; };
		0CBC67B32AB62F4D00D46635 /* Audiowide-Regular.ttf */ = {isa = PBXFileReference; lastKnownFileType = file; path = "Audiowide-Regular.ttf"; sourceTree = "<group>"; };
/* End PBXFileReference section */

/* Begin PBXFrameworksBuildPhase section */
		0C19D5622AB397C200983516 /* Frameworks */ = {
			isa = PBXFrameworksBuildPhase;
			buildActionMask = 2147483647;
			files = (
			);
			runOnlyForDeploymentPostprocessing = 0;
		};
		0C19D5782AB397C300983516 /* Frameworks */ = {
			isa = PBXFrameworksBuildPhase;
			buildActionMask = 2147483647;
			files = (
			);
			runOnlyForDeploymentPostprocessing = 0;
		};
		0C19D5822AB397C300983516 /* Frameworks */ = {
			isa = PBXFrameworksBuildPhase;
			buildActionMask = 2147483647;
			files = (
			);
			runOnlyForDeploymentPostprocessing = 0;
		};
/* End PBXFrameworksBuildPhase section */

/* Begin PBXGroup section */
		0C19D55C2AB397C200983516 = {
			isa = PBXGroup;
			children = (
				0C19D5672AB397C200983516 /* LetMusic */,
				0C19D57E2AB397C300983516 /* LetMusicTests */,
				0C19D5882AB397C300983516 /* LetMusicUITests */,
				0C19D5662AB397C200983516 /* Products */,
			);
			sourceTree = "<group>";
		};
		0C19D5662AB397C200983516 /* Products */ = {
			isa = PBXGroup;
			children = (
				0C19D5652AB397C200983516 /* LetMusic.app */,
				0C19D57B2AB397C300983516 /* LetMusicTests.xctest */,
				0C19D5852AB397C300983516 /* LetMusicUITests.xctest */,
			);
			name = Products;
			sourceTree = "<group>";
		};
		0C19D5672AB397C200983516 /* LetMusic */ = {
			isa = PBXGroup;
			children = (
				0CBC67B32AB62F4D00D46635 /* Audiowide-Regular.ttf */,
				0C19D5682AB397C200983516 /* AppDelegate.swift */,
				0C19D56A2AB397C200983516 /* SceneDelegate.swift */,
				0C19D56C2AB397C200983516 /* ViewController.swift */,
				0C19D56E2AB397C200983516 /* Main.storyboard */,
				0C19D5712AB397C300983516 /* Assets.xcassets */,
				0C19D5732AB397C300983516 /* LaunchScreen.storyboard */,
				0C19D5762AB397C300983516 /* Info.plist */,
			);
			path = LetMusic;
			sourceTree = "<group>";
		};
		0C19D57E2AB397C300983516 /* LetMusicTests */ = {
			isa = PBXGroup;
			children = (
				0C19D57F2AB397C300983516 /* LetMusicTests.swift */,
			);
			path = LetMusicTests;
			sourceTree = "<group>";
		};
		0C19D5882AB397C300983516 /* LetMusicUITests */ = {
			isa = PBXGroup;
			children = (
				0C19D5892AB397C300983516 /* LetMusicUITests.swift */,
				0C19D58B2AB397C300983516 /* LetMusicUITestsLaunchTests.swift */,
			);
			path = LetMusicUITests;
			sourceTree = "<group>";
		};
/* End PBXGroup section */

/* Begin PBXNativeTarget section */
		0C19D5642AB397C200983516 /* LetMusic */ = {
			isa = PBXNativeTarget;
			buildConfigurationList = 0C19D58F2AB397C300983516 /* Build configuration list for PBXNativeTarget "LetMusic" */;
			buildPhases = (
				0C19D5612AB397C200983516 /* Sources */,
				0C19D5622AB397C200983516 /* Frameworks */,
				0C19D5632AB397C200983516 /* Resources */,
			);
			buildRules = (
			);
			dependencies = (
			);
			name = LetMusic;
			productName = LetMusic;
			productReference = 0C19D5652AB397C200983516 /* LetMusic.app */;
			productType = "com.apple.product-type.application";
		};
		0C19D57A2AB397C300983516 /* LetMusicTests */ = {
			isa = PBXNativeTarget;
			buildConfigurationList = 0C19D5922AB397C300983516 /* Build configuration list for PBXNativeTarget "LetMusicTests" */;
			buildPhases = (
				0C19D5772AB397C300983516 /* Sources */,
				0C19D5782AB397C300983516 /* Frameworks */,
				0C19D5792AB397C300983516 /* Resources */,
			);
			buildRules = (
			);
			dependencies = (
				0C19D57D2AB397C300983516 /* PBXTargetDependency */,
			);
			name = LetMusicTests;
			productName = LetMusicTests;
			productReference = 0C19D57B2AB397C300983516 /* LetMusicTests.xctest */;
			productType = "com.apple.product-type.bundle.unit-test";
		};
		0C19D5842AB397C300983516 /* LetMusicUITests */ = {
			isa = PBXNativeTarget;
			buildConfigurationList = 0C19D5952AB397C300983516 /* Build configuration list for PBXNativeTarget "LetMusicUITests" */;
			buildPhases = (
				0C19D5812AB397C300983516 /* Sources */,
				0C19D5822AB397C300983516 /* Frameworks */,
				0C19D5832AB397C300983516 /* Resources */,
			);
			buildRules = (
			);
			dependencies = (
				0C19D5872AB397C300983516 /* PBXTargetDependency */,
			);
			name = LetMusicUITests;
			productName = LetMusicUITests;
			productReference = 0C19D5852AB397C300983516 /* LetMusicUITests.xctest */;
			productType = "com.apple.product-type.bundle.ui-testing";
		};
/* End PBXNativeTarget section */

/* Begin PBXProject section */
		0C19D55D2AB397C200983516 /* Project object */ = {
			isa = PBXProject;
			attributes = {
				BuildIndependentTargetsInParallel = 1;
				LastSwiftUpdateCheck = 1430;
				LastUpgradeCheck = 1430;
				TargetAttributes = {
					0C19D5642AB397C200983516 = {
						CreatedOnToolsVersion = 14.3.1;
					};
					0C19D57A2AB397C300983516 = {
						CreatedOnToolsVersion = 14.3.1;
						TestTargetID = 0C19D5642AB397C200983516;
					};
					0C19D5842AB397C300983516 = {
						CreatedOnToolsVersion = 14.3.1;
						TestTargetID = 0C19D5642AB397C200983516;
					};
				};
			};
			buildConfigurationList = 0C19D5602AB397C200983516 /* Build configuration list for PBXProject "LetMusic" */;
			compatibilityVersion = "Xcode 14.0";
			developmentRegion = en;
			hasScannedForEncodings = 0;
			knownRegions = (
				en,
				Base,
			);
			mainGroup = 0C19D55C2AB397C200983516;
			productRefGroup = 0C19D5662AB397C200983516 /* Products */;
			projectDirPath = "";
			projectRoot = "";
			targets = (
				0C19D5642AB397C200983516 /* LetMusic */,
				0C19D57A2AB397C300983516 /* LetMusicTests */,
				0C19D5842AB397C300983516 /* LetMusicUITests */,
			);
		};
/* End PBXProject section */

/* Begin PBXResourcesBuildPhase section */
		0C19D5632AB397C200983516 /* Resources */ = {
			isa = PBXResourcesBuildPhase;
			buildActionMask = 2147483647;
			files = (
				0C19D5752AB397C300983516 /* LaunchScreen.storyboard in Resources */,
				0C19D5722AB397C300983516 /* Assets.xcassets in Resources */,
				0C19D5702AB397C200983516 /* Main.storyboard in Resources */,
				0CBC67B42AB62F4D00D46635 /* Audiowide-Regular.ttf in Resources */,
			);
			runOnlyForDeploymentPostprocessing = 0;
		};
		0C19D5792AB397C300983516 /* Resources */ = {
			isa = PBXResourcesBuildPhase;
			buildActionMask = 2147483647;
			files = (
			);
			runOnlyForDeploymentPostprocessing = 0;
		};
		0C19D5832AB397C300983516 /* Resources */ = {
			isa = PBXResourcesBuildPhase;
			buildActionMask = 2147483647;
			files = (
			);
			runOnlyForDeploymentPostprocessing = 0;
		};
/* End PBXResourcesBuildPhase section */

/* Begin PBXSourcesBuildPhase section */
		0C19D5612AB397C200983516 /* Sources */ = {
			isa = PBXSourcesBuildPhase;
			buildActionMask = 2147483647;
			files = (
				0C19D56D2AB397C200983516 /* ViewController.swift in Sources */,
				0C19D5692AB397C200983516 /* AppDelegate.swift in Sources */,
				0C19D56B2AB397C200983516 /* SceneDelegate.swift in Sources */,
			);
			runOnlyForDeploymentPostprocessing = 0;
		};
		0C19D5772AB397C300983516 /* Sources */ = {
			isa = PBXSourcesBuildPhase;
			buildActionMask = 2147483647;
			files = (
				0C19D5802AB397C300983516 /* LetMusicTests.swift in Sources */,
			);
			runOnlyForDeploymentPostprocessing = 0;
		};
		0C19D5812AB397C300983516 /* Sources */ = {
			isa = PBXSourcesBuildPhase;
			buildActionMask = 2147483647;
			files = (
				0C19D58C2AB397C300983516 /* LetMusicUITestsLaunchTests.swift in Sources */,
				0C19D58A2AB397C300983516 /* LetMusicUITests.swift in Sources */,
			);
			runOnlyForDeploymentPostprocessing = 0;
		};
/* End PBXSourcesBuildPhase section */

/* Begin PBXTargetDependency section */
		0C19D57D2AB397C300983516 /* PBXTargetDependency */ = {
			isa = PBXTargetDependency;
			target = 0C19D5642AB397C200983516 /* LetMusic */;
			targetProxy = 0C19D57C2AB397C300983516 /* PBXContainerItemProxy */;
		};
		0C19D5872AB397C300983516 /* PBXTargetDependency */ = {
			isa = PBXTargetDependency;
			target = 0C19D5642AB397C200983516 /* LetMusic */;
			targetProxy = 0C19D5862AB397C300983516 /* PBXContainerItemProxy */;
		};
/* End PBXTargetDependency section */

/* Begin PBXVariantGroup section */
		0C19D56E2AB397C200983516 /* Main.storyboard */ = {
			isa = PBXVariantGroup;
			children = (
				0C19D56F2AB397C200983516 /* Base */,
			);
			name = Main.storyboard;
			sourceTree = "<group>";
		};
		0C19D5732AB397C300983516 /* LaunchScreen.storyboard */ = {
			isa = PBXVariantGroup;
			children = (
				0C19D5742AB397C300983516 /* Base */,
			);
			name = LaunchScreen.storyboard;
			sourceTree = "<group>";
		};
/* End PBXVariantGroup section */

/* Begin XCBuildConfiguration section */
		0C19D58D2AB397C300983516 /* Debug */ = {
			isa = XCBuildConfiguration;
			buildSettings = {
				ALWAYS_SEARCH_USER_PATHS = NO;
				CLANG_ANALYZER_NONNULL = YES;
				CLANG_ANALYZER_NUMBER_OBJECT_CONVERSION = YES_AGGRESSIVE;
				CLANG_CXX_LANGUAGE_STANDARD = "gnu++20";
				CLANG_ENABLE_MODULES = YES;
				CLANG_ENABLE_OBJC_ARC = YES;
				CLANG_ENABLE_OBJC_WEAK = YES;
				CLANG_WARN_BLOCK_CAPTURE_AUTORELEASING = YES;
				CLANG_WARN_BOOL_CONVERSION = YES;
				CLANG_WARN_COMMA = YES;
				CLANG_WARN_CONSTANT_CONVERSION = YES;
				CLANG_WARN_DEPRECATED_OBJC_IMPLEMENTATIONS = YES;
				CLANG_WARN_DIRECT_OBJC_ISA_USAGE = YES_ERROR;
				CLANG_WARN_DOCUMENTATION_COMMENTS = YES;
				CLANG_WARN_EMPTY_BODY = YES;
				CLANG_WARN_ENUM_CONVERSION = YES;
				CLANG_WARN_INFINITE_RECURSION = YES;
				CLANG_WARN_INT_CONVERSION = YES;
				CLANG_WARN_NON_LITERAL_NULL_CONVERSION = YES;
				CLANG_WARN_OBJC_IMPLICIT_RETAIN_SELF = YES;
				CLANG_WARN_OBJC_LITERAL_CONVERSION = YES;
				CLANG_WARN_OBJC_ROOT_CLASS = YES_ERROR;
				CLANG_WARN_QUOTED_INCLUDE_IN_FRAMEWORK_HEADER = YES;
				CLANG_WARN_RANGE_LOOP_ANALYSIS = YES;
				CLANG_WARN_STRICT_PROTOTYPES = YES;
				CLANG_WARN_SUSPICIOUS_MOVE = YES;
				CLANG_WARN_UNGUARDED_AVAILABILITY = YES_AGGRESSIVE;
				CLANG_WARN_UNREACHABLE_CODE = YES;
				CLANG_WARN__DUPLICATE_METHOD_MATCH = YES;
				COPY_PHASE_STRIP = NO;
				DEBUG_INFORMATION_FORMAT = dwarf;
				ENABLE_STRICT_OBJC_MSGSEND = YES;
				ENABLE_TESTABILITY = YES;
				GCC_C_LANGUAGE_STANDARD = gnu11;
				GCC_DYNAMIC_NO_PIC = NO;
				GCC_NO_COMMON_BLOCKS = YES;
				GCC_OPTIMIZATION_LEVEL = 0;
				GCC_PREPROCESSOR_DEFINITIONS = (
					"DEBUG=1",
					"$(inherited)",
				);
				GCC_WARN_64_TO_32_BIT_CONVERSION = YES;
				GCC_WARN_ABOUT_RETURN_TYPE = YES_ERROR;
				GCC_WARN_UNDECLARED_SELECTOR = YES;
				GCC_WARN_UNINITIALIZED_AUTOS = YES_AGGRESSIVE;
				GCC_WARN_UNUSED_FUNCTION = YES;
				GCC_WARN_UNUSED_VARIABLE = YES;
				IPHONEOS_DEPLOYMENT_TARGET = 16.4;
				MTL_ENABLE_DEBUG_INFO = INCLUDE_SOURCE;
				MTL_FAST_MATH = YES;
				ONLY_ACTIVE_ARCH = YES;
				SDKROOT = iphoneos;
				SWIFT_ACTIVE_COMPILATION_CONDITIONS = DEBUG;
				SWIFT_OPTIMIZATION_LEVEL = "-Onone";
			};
			name = Debug;
		};
		0C19D58E2AB397C300983516 /* Release */ = {
			isa = XCBuildConfiguration;
			buildSettings = {
				ALWAYS_SEARCH_USER_PATHS = NO;
				CLANG_ANALYZER_NONNULL = YES;
				CLANG_ANALYZER_NUMBER_OBJECT_CONVERSION = YES_AGGRESSIVE;
				CLANG_CXX_LANGUAGE_STANDARD = "gnu++20";
				CLANG_ENABLE_MODULES = YES;
				CLANG_ENABLE_OBJC_ARC = YES;
				CLANG_ENABLE_OBJC_WEAK = YES;
				CLANG_WARN_BLOCK_CAPTURE_AUTORELEASING = YES;
				CLANG_WARN_BOOL_CONVERSION = YES;
				CLANG_WARN_COMMA = YES;
				CLANG_WARN_CONSTANT_CONVERSION = YES;
				CLANG_WARN_DEPRECATED_OBJC_IMPLEMENTATIONS = YES;
				CLANG_WARN_DIRECT_OBJC_ISA_USAGE = YES_ERROR;
				CLANG_WARN_DOCUMENTATION_COMMENTS = YES;
				CLANG_WARN_EMPTY_BODY = YES;
				CLANG_WARN_ENUM_CONVERSION = YES;
				CLANG_WARN_INFINITE_RECURSION = YES;
				CLANG_WARN_INT_CONVERSION = YES;
				CLANG_WARN_NON_LITERAL_NULL_CONVERSION = YES;
				CLANG_WARN_OBJC_IMPLICIT_RETAIN_SELF = YES;
				CLANG_WARN_OBJC_LITERAL_CONVERSION = YES;
				CLANG_WARN_OBJC_ROOT_CLASS = YES_ERROR;
				CLANG_WARN_QUOTED_INCLUDE_IN_FRAMEWORK_HEADER = YES;
				CLANG_WARN_RANGE_LOOP_ANALYSIS = YES;
				CLANG_WARN_STRICT_PROTOTYPES = YES;
				CLANG_WARN_SUSPICIOUS_MOVE = YES;
				CLANG_WARN_UNGUARDED_AVAILABILITY = YES_AGGRESSIVE;
				CLANG_WARN_UNREACHABLE_CODE = YES;
				CLANG_WARN__DUPLICATE_METHOD_MATCH = YES;
				COPY_PHASE_STRIP = NO;
				DEBUG_INFORMATION_FORMAT = "dwarf-with-dsym";
				ENABLE_NS_ASSERTIONS = NO;
				ENABLE_STRICT_OBJC_MSGSEND = YES;
				GCC_C_LANGUAGE_STANDARD = gnu11;
				GCC_NO_COMMON_BLOCKS = YES;
				GCC_WARN_64_TO_32_BIT_CONVERSION = YES;
				GCC_WARN_ABOUT_RETURN_TYPE = YES_ERROR;
				GCC_WARN_UNDECLARED_SELECTOR = YES;
				GCC_WARN_UNINITIALIZED_AUTOS = YES_AGGRESSIVE;
				GCC_WARN_UNUSED_FUNCTION = YES;
				GCC_WARN_UNUSED_VARIABLE = YES;
				IPHONEOS_DEPLOYMENT_TARGET = 16.4;
				MTL_ENABLE_DEBUG_INFO = NO;
				MTL_FAST_MATH = YES;
				SDKROOT = iphoneos;
				SWIFT_COMPILATION_MODE = wholemodule;
				SWIFT_OPTIMIZATION_LEVEL = "-O";
				VALIDATE_PRODUCT = YES;
			};
			name = Release;
		};
		0C19D5902AB397C300983516 /* Debug */ = {
			isa = XCBuildConfiguration;
			buildSettings = {
				ASSETCATALOG_COMPILER_APPICON_NAME = AppIcon;
				ASSETCATALOG_COMPILER_GLOBAL_ACCENT_COLOR_NAME = AccentColor;
				CODE_SIGN_STYLE = Automatic;
				CURRENT_PROJECT_VERSION = 1;
				DEVELOPMENT_TEAM = 7935AUGAK5;
				GENERATE_INFOPLIST_FILE = YES;
				INFOPLIST_FILE = LetMusic/Info.plist;
				INFOPLIST_KEY_UIApplicationSupportsIndirectInputEvents = YES;
				INFOPLIST_KEY_UILaunchStoryboardName = LaunchScreen;
				INFOPLIST_KEY_UIMainStoryboardFile = Main;
				INFOPLIST_KEY_UISupportedInterfaceOrientations_iPad = "UIInterfaceOrientationPortrait UIInterfaceOrientationPortraitUpsideDown UIInterfaceOrientationLandscapeLeft UIInterfaceOrientationLandscapeRight";
				INFOPLIST_KEY_UISupportedInterfaceOrientations_iPhone = "UIInterfaceOrientationPortrait UIInterfaceOrientationLandscapeLeft UIInterfaceOrientationLandscapeRight";
				LD_RUNPATH_SEARCH_PATHS = (
					"$(inherited)",
					"@executable_path/Frameworks",
				);
				MARKETING_VERSION = 1.0;
				PRODUCT_BUNDLE_IDENTIFIER = NomadOS.LetMusic;
				PRODUCT_NAME = "$(TARGET_NAME)";
				SWIFT_EMIT_LOC_STRINGS = YES;
				SWIFT_VERSION = 5.0;
				TARGETED_DEVICE_FAMILY = "1,2";
			};
			name = Debug;
		};
		0C19D5912AB397C300983516 /* Release */ = {
			isa = XCBuildConfiguration;
			buildSettings = {
				ASSETCATALOG_COMPILER_APPICON_NAME = AppIcon;
				ASSETCATALOG_COMPILER_GLOBAL_ACCENT_COLOR_NAME = AccentColor;
				CODE_SIGN_STYLE = Automatic;
				CURRENT_PROJECT_VERSION = 1;
				DEVELOPMENT_TEAM = 7935AUGAK5;
				GENERATE_INFOPLIST_FILE = YES;
				INFOPLIST_FILE = LetMusic/Info.plist;
				INFOPLIST_KEY_UIApplicationSupportsIndirectInputEvents = YES;
				INFOPLIST_KEY_UILaunchStoryboardName = LaunchScreen;
				INFOPLIST_KEY_UIMainStoryboardFile = Main;
				INFOPLIST_KEY_UISupportedInterfaceOrientations_iPad = "UIInterfaceOrientationPortrait UIInterfaceOrientationPortraitUpsideDown UIInterfaceOrientationLandscapeLeft UIInterfaceOrientationLandscapeRight";
				INFOPLIST_KEY_UISupportedInterfaceOrientations_iPhone = "UIInterfaceOrientationPortrait UIInterfaceOrientationLandscapeLeft UIInterfaceOrientationLandscapeRight";
				LD_RUNPATH_SEARCH_PATHS = (
					"$(inherited)",
					"@executable_path/Frameworks",
				);
				MARKETING_VERSION = 1.0;
				PRODUCT_BUNDLE_IDENTIFIER = NomadOS.LetMusic;
				PRODUCT_NAME = "$(TARGET_NAME)";
				SWIFT_EMIT_LOC_STRINGS = YES;
				SWIFT_VERSION = 5.0;
				TARGETED_DEVICE_FAMILY = "1,2";
			};
			name = Release;
		};
		0C19D5932AB397C300983516 /* Debug */ = {
			isa = XCBuildConfiguration;
			buildSettings = {
				ALWAYS_EMBED_SWIFT_STANDARD_LIBRARIES = YES;
				BUNDLE_LOADER = "$(TEST_HOST)";
				CODE_SIGN_STYLE = Automatic;
				CURRENT_PROJECT_VERSION = 1;
				DEVELOPMENT_TEAM = 7935AUGAK5;
				GENERATE_INFOPLIST_FILE = YES;
				IPHONEOS_DEPLOYMENT_TARGET = 16.4;
				MARKETING_VERSION = 1.0;
				PRODUCT_BUNDLE_IDENTIFIER = NomadOS.LetMusicTests;
				PRODUCT_NAME = "$(TARGET_NAME)";
				SWIFT_EMIT_LOC_STRINGS = NO;
				SWIFT_VERSION = 5.0;
				TARGETED_DEVICE_FAMILY = "1,2";
				TEST_HOST = "$(BUILT_PRODUCTS_DIR)/LetMusic.app/$(BUNDLE_EXECUTABLE_FOLDER_PATH)/LetMusic";
			};
			name = Debug;
		};
		0C19D5942AB397C300983516 /* Release */ = {
			isa = XCBuildConfiguration;
			buildSettings = {
				ALWAYS_EMBED_SWIFT_STANDARD_LIBRARIES = YES;
				BUNDLE_LOADER = "$(TEST_HOST)";
				CODE_SIGN_STYLE = Automatic;
				CURRENT_PROJECT_VERSION = 1;
				DEVELOPMENT_TEAM = 7935AUGAK5;
				GENERATE_INFOPLIST_FILE = YES;
				IPHONEOS_DEPLOYMENT_TARGET = 16.4;
				MARKETING_VERSION = 1.0;
				PRODUCT_BUNDLE_IDENTIFIER = NomadOS.LetMusicTests;
				PRODUCT_NAME = "$(TARGET_NAME)";
				SWIFT_EMIT_LOC_STRINGS = NO;
				SWIFT_VERSION = 5.0;
				TARGETED_DEVICE_FAMILY = "1,2";
				TEST_HOST = "$(BUILT_PRODUCTS_DIR)/LetMusic.app/$(BUNDLE_EXECUTABLE_FOLDER_PATH)/LetMusic";
			};
			name = Release;
		};
		0C19D5962AB397C300983516 /* Debug */ = {
			isa = XCBuildConfiguration;
			buildSettings = {
				ALWAYS_EMBED_SWIFT_STANDARD_LIBRARIES = YES;
				CODE_SIGN_STYLE = Automatic;
				CURRENT_PROJECT_VERSION = 1;
				DEVELOPMENT_TEAM = 7935AUGAK5;
				GENERATE_INFOPLIST_FILE = YES;
				MARKETING_VERSION = 1.0;
				PRODUCT_BUNDLE_IDENTIFIER = NomadOS.LetMusicUITests;
				PRODUCT_NAME = "$(TARGET_NAME)";
				SWIFT_EMIT_LOC_STRINGS = NO;
				SWIFT_VERSION = 5.0;
				TARGETED_DEVICE_FAMILY = "1,2";
				TEST_TARGET_NAME = LetMusic;
			};
			name = Debug;
		};
		0C19D5972AB397C300983516 /* Release */ = {
			isa = XCBuildConfiguration;
			buildSettings = {
				ALWAYS_EMBED_SWIFT_STANDARD_LIBRARIES = YES;
				CODE_SIGN_STYLE = Automatic;
				CURRENT_PROJECT_VERSION = 1;
				DEVELOPMENT_TEAM = 7935AUGAK5;
				GENERATE_INFOPLIST_FILE = YES;
				MARKETING_VERSION = 1.0;
				PRODUCT_BUNDLE_IDENTIFIER = NomadOS.LetMusicUITests;
				PRODUCT_NAME = "$(TARGET_NAME)";
				SWIFT_EMIT_LOC_STRINGS = NO;
				SWIFT_VERSION = 5.0;
				TARGETED_DEVICE_FAMILY = "1,2";
				TEST_TARGET_NAME = LetMusic;
			};
			name = Release;
		};
/* End XCBuildConfiguration section */

/* Begin XCConfigurationList section */
		0C19D5602AB397C200983516 /* Build configuration list for PBXProject "LetMusic" */ = {
			isa = XCConfigurationList;
			buildConfigurations = (
				0C19D58D2AB397C300983516 /* Debug */,
				0C19D58E2AB397C300983516 /* Release */,
			);
			defaultConfigurationIsVisible = 0;
			defaultConfigurationName = Release;
		};
		0C19D58F2AB397C300983516 /* Build configuration list for PBXNativeTarget "LetMusic" */ = {
			isa = XCConfigurationList;
			buildConfigurations = (
				0C19D5902AB397C300983516 /* Debug */,
				0C19D5912AB397C300983516 /* Release */,
			);
			defaultConfigurationIsVisible = 0;
			defaultConfigurationName = Release;
		};
		0C19D5922AB397C300983516 /* Build configuration list for PBXNativeTarget "LetMusicTests" */ = {
			isa = XCConfigurationList;
			buildConfigurations = (
				0C19D5932AB397C300983516 /* Debug */,
				0C19D5942AB397C300983516 /* Release */,
			);
			defaultConfigurationIsVisible = 0;
			defaultConfigurationName = Release;
		};
		0C19D5952AB397C300983516 /* Build configuration list for PBXNativeTarget "LetMusicUITests" */ = {
			isa = XCConfigurationList;
			buildConfigurations = (
				0C19D5962AB397C300983516 /* Debug */,
				0C19D5972AB397C300983516 /* Release */,
			);
			defaultConfigurationIsVisible = 0;
			defaultConfigurationName = Release;
		};
/* End XCConfigurationList section */
	};
	rootObject = 0C19D55D2AB397C200983516 /* Project object */;
}
